// !$*UTF8*$!
{
	archiveVersion = 1;
	classes = {
	};
	objectVersion = 46;
	objects = {

/* Begin PBXBuildFile section */
		71F0167C328E31CD575A9FCF /* libPods-Dispatch.a in Frameworks */ = {isa = PBXBuildFile; fileRef = B46230819BB606ADCF89AB46 /* libPods-Dispatch.a */; };
		86C5DDFD1BA6B291008E3350 /* main.m in Sources */ = {isa = PBXBuildFile; fileRef = 86C5DDFC1BA6B291008E3350 /* main.m */; };
		86C5DE001BA6B291008E3350 /* AppDelegate.m in Sources */ = {isa = PBXBuildFile; fileRef = 86C5DDFF1BA6B291008E3350 /* AppDelegate.m */; };
		86C5DE031BA6B291008E3350 /* ViewController.m in Sources */ = {isa = PBXBuildFile; fileRef = 86C5DE021BA6B291008E3350 /* ViewController.m */; };
		86C5DE061BA6B291008E3350 /* Main.storyboard in Resources */ = {isa = PBXBuildFile; fileRef = 86C5DE041BA6B291008E3350 /* Main.storyboard */; };
		86C5DE081BA6B291008E3350 /* Images.xcassets in Resources */ = {isa = PBXBuildFile; fileRef = 86C5DE071BA6B291008E3350 /* Images.xcassets */; };
		86C5DE0B1BA6B291008E3350 /* LaunchScreen.xib in Resources */ = {isa = PBXBuildFile; fileRef = 86C5DE091BA6B291008E3350 /* LaunchScreen.xib */; };
		86C5DE171BA6B291008E3350 /* DispatchTests.m in Sources */ = {isa = PBXBuildFile; fileRef = 86C5DE161BA6B291008E3350 /* DispatchTests.m */; };
		86C5DE5B1BA6B391008E3350 /* FLAnimatedImage.m in Sources */ = {isa = PBXBuildFile; fileRef = 86C5DE251BA6B391008E3350 /* FLAnimatedImage.m */; };
		86C5DE5C1BA6B391008E3350 /* FLAnimatedImageView.m in Sources */ = {isa = PBXBuildFile; fileRef = 86C5DE271BA6B391008E3350 /* FLAnimatedImageView.m */; };
		86C5DE641BA6B391008E3350 /* FLAnimatedImageView+PhotoKit.m in Sources */ = {isa = PBXBuildFile; fileRef = 86C5DE371BA6B391008E3350 /* FLAnimatedImageView+PhotoKit.m */; };
		86C5DE651BA6B391008E3350 /* PKPhotoStore.m in Sources */ = {isa = PBXBuildFile; fileRef = 86C5DE3A1BA6B391008E3350 /* PKPhotoStore.m */; };
		86C5DE661BA6B391008E3350 /* UIImageView+PhotoKit.m in Sources */ = {isa = PBXBuildFile; fileRef = 86C5DE3C1BA6B391008E3350 /* UIImageView+PhotoKit.m */; };
		86C5DE6A1BA6B391008E3350 /* NSData+ImageContentType.m in Sources */ = {isa = PBXBuildFile; fileRef = 86C5DE471BA6B391008E3350 /* NSData+ImageContentType.m */; };
		86C5DE6B1BA6B391008E3350 /* SDImageCache.m in Sources */ = {isa = PBXBuildFile; fileRef = 86C5DE491BA6B391008E3350 /* SDImageCache.m */; };
		86C5DE6C1BA6B391008E3350 /* SDWebImageCompat.m in Sources */ = {isa = PBXBuildFile; fileRef = 86C5DE4B1BA6B391008E3350 /* SDWebImageCompat.m */; };
		86C5DE6D1BA6B391008E3350 /* SDWebImageDecoder.m in Sources */ = {isa = PBXBuildFile; fileRef = 86C5DE4D1BA6B391008E3350 /* SDWebImageDecoder.m */; };
		86C5DE6E1BA6B391008E3350 /* SDWebImageDownloader.m in Sources */ = {isa = PBXBuildFile; fileRef = 86C5DE4F1BA6B391008E3350 /* SDWebImageDownloader.m */; };
		86C5DE6F1BA6B391008E3350 /* SDWebImageDownloaderOperation.m in Sources */ = {isa = PBXBuildFile; fileRef = 86C5DE511BA6B391008E3350 /* SDWebImageDownloaderOperation.m */; };
		86C5DE701BA6B391008E3350 /* SDWebImageManager.m in Sources */ = {isa = PBXBuildFile; fileRef = 86C5DE531BA6B391008E3350 /* SDWebImageManager.m */; };
		86C5DE711BA6B391008E3350 /* SDWebImagePrefetcher.m in Sources */ = {isa = PBXBuildFile; fileRef = 86C5DE561BA6B391008E3350 /* SDWebImagePrefetcher.m */; };
		86C5DE721BA6B391008E3350 /* UIImage+MultiFormat.m in Sources */ = {isa = PBXBuildFile; fileRef = 86C5DE581BA6B391008E3350 /* UIImage+MultiFormat.m */; };
		86C5DE731BA6B391008E3350 /* UIImage+WebP.m in Sources */ = {isa = PBXBuildFile; fileRef = 86C5DE5A1BA6B391008E3350 /* UIImage+WebP.m */; };
		86C5DE831BA6B3AC008E3350 /* DPFeedlyQueryResult.m in Sources */ = {isa = PBXBuildFile; fileRef = 86C5DE7C1BA6B3AC008E3350 /* DPFeedlyQueryResult.m */; };
		86C5DE841BA6B3AC008E3350 /* DPMatch.m in Sources */ = {isa = PBXBuildFile; fileRef = 86C5DE7E1BA6B3AC008E3350 /* DPMatch.m */; };
		86C5DE851BA6B3AC008E3350 /* DPSource.m in Sources */ = {isa = PBXBuildFile; fileRef = 86C5DE801BA6B3AC008E3350 /* DPSource.m */; };
		86C5DE861BA6B3AC008E3350 /* DPTwitterQueryResult.m in Sources */ = {isa = PBXBuildFile; fileRef = 86C5DE821BA6B3AC008E3350 /* DPTwitterQueryResult.m */; };
		86C5DE891BA6B3B3008E3350 /* GTMNSString+HTML.m in Sources */ = {isa = PBXBuildFile; fileRef = 86C5DE881BA6B3B3008E3350 /* GTMNSString+HTML.m */; settings = {COMPILER_FLAGS = "-fno-objc-arc"; }; };
		DBB3345E5A2C1C65CAD07E11 /* libPods-DispatchTests.a in Frameworks */ = {isa = PBXBuildFile; fileRef = E9AF50948957C545A66B9CDF /* libPods-DispatchTests.a */; };
/* End PBXBuildFile section */

/* Begin PBXContainerItemProxy section */
		86C5DE111BA6B291008E3350 /* PBXContainerItemProxy */ = {
			isa = PBXContainerItemProxy;
			containerPortal = 86C5DDEF1BA6B291008E3350 /* Project object */;
			proxyType = 1;
			remoteGlobalIDString = 86C5DDF61BA6B291008E3350;
			remoteInfo = Dispatch;
		};
/* End PBXContainerItemProxy section */

/* Begin PBXFileReference section */
		2F19F804A490DDAD944C9D58 /* Pods-DispatchTests.debug.xcconfig */ = {isa = PBXFileReference; includeInIndex = 1; lastKnownFileType = text.xcconfig; name = "Pods-DispatchTests.debug.xcconfig"; path = "Pods/Target Support Files/Pods-DispatchTests/Pods-DispatchTests.debug.xcconfig"; sourceTree = "<group>"; };
		7AE42473B3B84BAFA704B30F /* Pods-DispatchTests.release.xcconfig */ = {isa = PBXFileReference; includeInIndex = 1; lastKnownFileType = text.xcconfig; name = "Pods-DispatchTests.release.xcconfig"; path = "Pods/Target Support Files/Pods-DispatchTests/Pods-DispatchTests.release.xcconfig"; sourceTree = "<group>"; };
		86C5DDF71BA6B291008E3350 /* Dispatch.app */ = {isa = PBXFileReference; explicitFileType = wrapper.application; includeInIndex = 0; path = Dispatch.app; sourceTree = BUILT_PRODUCTS_DIR; };
		86C5DDFB1BA6B291008E3350 /* Info.plist */ = {isa = PBXFileReference; lastKnownFileType = text.plist.xml; path = Info.plist; sourceTree = "<group>"; };
		86C5DDFC1BA6B291008E3350 /* main.m */ = {isa = PBXFileReference; lastKnownFileType = sourcecode.c.objc; path = main.m; sourceTree = "<group>"; };
		86C5DDFE1BA6B291008E3350 /* AppDelegate.h */ = {isa = PBXFileReference; lastKnownFileType = sourcecode.c.h; path = AppDelegate.h; sourceTree = "<group>"; };
		86C5DDFF1BA6B291008E3350 /* AppDelegate.m */ = {isa = PBXFileReference; lastKnownFileType = sourcecode.c.objc; path = AppDelegate.m; sourceTree = "<group>"; };
		86C5DE011BA6B291008E3350 /* ViewController.h */ = {isa = PBXFileReference; lastKnownFileType = sourcecode.c.h; path = ViewController.h; sourceTree = "<group>"; };
		86C5DE021BA6B291008E3350 /* ViewController.m */ = {isa = PBXFileReference; lastKnownFileType = sourcecode.c.objc; path = ViewController.m; sourceTree = "<group>"; };
		86C5DE051BA6B291008E3350 /* Base */ = {isa = PBXFileReference; lastKnownFileType = file.storyboard; name = Base; path = Base.lproj/Main.storyboard; sourceTree = "<group>"; };
		86C5DE071BA6B291008E3350 /* Images.xcassets */ = {isa = PBXFileReference; lastKnownFileType = folder.assetcatalog; path = Images.xcassets; sourceTree = "<group>"; };
		86C5DE0A1BA6B291008E3350 /* Base */ = {isa = PBXFileReference; lastKnownFileType = file.xib; name = Base; path = Base.lproj/LaunchScreen.xib; sourceTree = "<group>"; };
		86C5DE101BA6B291008E3350 /* DispatchTests.xctest */ = {isa = PBXFileReference; explicitFileType = wrapper.cfbundle; includeInIndex = 0; path = DispatchTests.xctest; sourceTree = BUILT_PRODUCTS_DIR; };
		86C5DE151BA6B291008E3350 /* Info.plist */ = {isa = PBXFileReference; lastKnownFileType = text.plist.xml; path = Info.plist; sourceTree = "<group>"; };
		86C5DE161BA6B291008E3350 /* DispatchTests.m */ = {isa = PBXFileReference; lastKnownFileType = sourcecode.c.objc; path = DispatchTests.m; sourceTree = "<group>"; };
		86C5DE241BA6B391008E3350 /* FLAnimatedImage.h */ = {isa = PBXFileReference; fileEncoding = 4; lastKnownFileType = sourcecode.c.h; path = FLAnimatedImage.h; sourceTree = "<group>"; };
		86C5DE251BA6B391008E3350 /* FLAnimatedImage.m */ = {isa = PBXFileReference; fileEncoding = 4; lastKnownFileType = sourcecode.c.objc; path = FLAnimatedImage.m; sourceTree = "<group>"; };
		86C5DE261BA6B391008E3350 /* FLAnimatedImageView.h */ = {isa = PBXFileReference; fileEncoding = 4; lastKnownFileType = sourcecode.c.h; path = FLAnimatedImageView.h; sourceTree = "<group>"; };
		86C5DE271BA6B391008E3350 /* FLAnimatedImageView.m */ = {isa = PBXFileReference; fileEncoding = 4; lastKnownFileType = sourcecode.c.objc; path = FLAnimatedImageView.m; sourceTree = "<group>"; };
		86C5DE361BA6B391008E3350 /* FLAnimatedImageView+PhotoKit.h */ = {isa = PBXFileReference; fileEncoding = 4; lastKnownFileType = sourcecode.c.h; path = "FLAnimatedImageView+PhotoKit.h"; sourceTree = "<group>"; };
		86C5DE371BA6B391008E3350 /* FLAnimatedImageView+PhotoKit.m */ = {isa = PBXFileReference; fileEncoding = 4; lastKnownFileType = sourcecode.c.objc; path = "FLAnimatedImageView+PhotoKit.m"; sourceTree = "<group>"; };
		86C5DE381BA6B391008E3350 /* PhotoKit.h */ = {isa = PBXFileReference; fileEncoding = 4; lastKnownFileType = sourcecode.c.h; path = PhotoKit.h; sourceTree = "<group>"; };
		86C5DE391BA6B391008E3350 /* PKPhotoStore.h */ = {isa = PBXFileReference; fileEncoding = 4; lastKnownFileType = sourcecode.c.h; path = PKPhotoStore.h; sourceTree = "<group>"; };
		86C5DE3A1BA6B391008E3350 /* PKPhotoStore.m */ = {isa = PBXFileReference; fileEncoding = 4; lastKnownFileType = sourcecode.c.objc; path = PKPhotoStore.m; sourceTree = "<group>"; };
		86C5DE3B1BA6B391008E3350 /* UIImageView+PhotoKit.h */ = {isa = PBXFileReference; fileEncoding = 4; lastKnownFileType = sourcecode.c.h; path = "UIImageView+PhotoKit.h"; sourceTree = "<group>"; };
		86C5DE3C1BA6B391008E3350 /* UIImageView+PhotoKit.m */ = {isa = PBXFileReference; fileEncoding = 4; lastKnownFileType = sourcecode.c.objc; path = "UIImageView+PhotoKit.m"; sourceTree = "<group>"; };
		86C5DE461BA6B391008E3350 /* NSData+ImageContentType.h */ = {isa = PBXFileReference; fileEncoding = 4; lastKnownFileType = sourcecode.c.h; path = "NSData+ImageContentType.h"; sourceTree = "<group>"; };
		86C5DE471BA6B391008E3350 /* NSData+ImageContentType.m */ = {isa = PBXFileReference; fileEncoding = 4; lastKnownFileType = sourcecode.c.objc; path = "NSData+ImageContentType.m"; sourceTree = "<group>"; };
		86C5DE481BA6B391008E3350 /* SDImageCache.h */ = {isa = PBXFileReference; fileEncoding = 4; lastKnownFileType = sourcecode.c.h; path = SDImageCache.h; sourceTree = "<group>"; };
		86C5DE491BA6B391008E3350 /* SDImageCache.m */ = {isa = PBXFileReference; fileEncoding = 4; lastKnownFileType = sourcecode.c.objc; path = SDImageCache.m; sourceTree = "<group>"; };
		86C5DE4A1BA6B391008E3350 /* SDWebImageCompat.h */ = {isa = PBXFileReference; fileEncoding = 4; lastKnownFileType = sourcecode.c.h; path = SDWebImageCompat.h; sourceTree = "<group>"; };
		86C5DE4B1BA6B391008E3350 /* SDWebImageCompat.m */ = {isa = PBXFileReference; fileEncoding = 4; lastKnownFileType = sourcecode.c.objc; path = SDWebImageCompat.m; sourceTree = "<group>"; };
		86C5DE4C1BA6B391008E3350 /* SDWebImageDecoder.h */ = {isa = PBXFileReference; fileEncoding = 4; lastKnownFileType = sourcecode.c.h; path = SDWebImageDecoder.h; sourceTree = "<group>"; };
		86C5DE4D1BA6B391008E3350 /* SDWebImageDecoder.m */ = {isa = PBXFileReference; fileEncoding = 4; lastKnownFileType = sourcecode.c.objc; path = SDWebImageDecoder.m; sourceTree = "<group>"; };
		86C5DE4E1BA6B391008E3350 /* SDWebImageDownloader.h */ = {isa = PBXFileReference; fileEncoding = 4; lastKnownFileType = sourcecode.c.h; path = SDWebImageDownloader.h; sourceTree = "<group>"; };
		86C5DE4F1BA6B391008E3350 /* SDWebImageDownloader.m */ = {isa = PBXFileReference; fileEncoding = 4; lastKnownFileType = sourcecode.c.objc; path = SDWebImageDownloader.m; sourceTree = "<group>"; };
		86C5DE501BA6B391008E3350 /* SDWebImageDownloaderOperation.h */ = {isa = PBXFileReference; fileEncoding = 4; lastKnownFileType = sourcecode.c.h; path = SDWebImageDownloaderOperation.h; sourceTree = "<group>"; };
		86C5DE511BA6B391008E3350 /* SDWebImageDownloaderOperation.m */ = {isa = PBXFileReference; fileEncoding = 4; lastKnownFileType = sourcecode.c.objc; path = SDWebImageDownloaderOperation.m; sourceTree = "<group>"; };
		86C5DE521BA6B391008E3350 /* SDWebImageManager.h */ = {isa = PBXFileReference; fileEncoding = 4; lastKnownFileType = sourcecode.c.h; path = SDWebImageManager.h; sourceTree = "<group>"; };
		86C5DE531BA6B391008E3350 /* SDWebImageManager.m */ = {isa = PBXFileReference; fileEncoding = 4; lastKnownFileType = sourcecode.c.objc; path = SDWebImageManager.m; sourceTree = "<group>"; };
		86C5DE541BA6B391008E3350 /* SDWebImageOperation.h */ = {isa = PBXFileReference; fileEncoding = 4; lastKnownFileType = sourcecode.c.h; path = SDWebImageOperation.h; sourceTree = "<group>"; };
		86C5DE551BA6B391008E3350 /* SDWebImagePrefetcher.h */ = {isa = PBXFileReference; fileEncoding = 4; lastKnownFileType = sourcecode.c.h; path = SDWebImagePrefetcher.h; sourceTree = "<group>"; };
		86C5DE561BA6B391008E3350 /* SDWebImagePrefetcher.m */ = {isa = PBXFileReference; fileEncoding = 4; lastKnownFileType = sourcecode.c.objc; path = SDWebImagePrefetcher.m; sourceTree = "<group>"; };
		86C5DE571BA6B391008E3350 /* UIImage+MultiFormat.h */ = {isa = PBXFileReference; fileEncoding = 4; lastKnownFileType = sourcecode.c.h; path = "UIImage+MultiFormat.h"; sourceTree = "<group>"; };
		86C5DE581BA6B391008E3350 /* UIImage+MultiFormat.m */ = {isa = PBXFileReference; fileEncoding = 4; lastKnownFileType = sourcecode.c.objc; path = "UIImage+MultiFormat.m"; sourceTree = "<group>"; };
		86C5DE591BA6B391008E3350 /* UIImage+WebP.h */ = {isa = PBXFileReference; fileEncoding = 4; lastKnownFileType = sourcecode.c.h; path = "UIImage+WebP.h"; sourceTree = "<group>"; };
		86C5DE5A1BA6B391008E3350 /* UIImage+WebP.m */ = {isa = PBXFileReference; fileEncoding = 4; lastKnownFileType = sourcecode.c.objc; path = "UIImage+WebP.m"; sourceTree = "<group>"; };
		86C5DE7B1BA6B3AC008E3350 /* DPFeedlyQueryResult.h */ = {isa = PBXFileReference; fileEncoding = 4; lastKnownFileType = sourcecode.c.h; path = DPFeedlyQueryResult.h; sourceTree = "<group>"; };
		86C5DE7C1BA6B3AC008E3350 /* DPFeedlyQueryResult.m */ = {isa = PBXFileReference; fileEncoding = 4; lastKnownFileType = sourcecode.c.objc; path = DPFeedlyQueryResult.m; sourceTree = "<group>"; };
		86C5DE7D1BA6B3AC008E3350 /* DPMatch.h */ = {isa = PBXFileReference; fileEncoding = 4; lastKnownFileType = sourcecode.c.h; path = DPMatch.h; sourceTree = "<group>"; };
		86C5DE7E1BA6B3AC008E3350 /* DPMatch.m */ = {isa = PBXFileReference; fileEncoding = 4; lastKnownFileType = sourcecode.c.objc; path = DPMatch.m; sourceTree = "<group>"; };
		86C5DE7F1BA6B3AC008E3350 /* DPSource.h */ = {isa = PBXFileReference; fileEncoding = 4; lastKnownFileType = sourcecode.c.h; path = DPSource.h; sourceTree = "<group>"; };
		86C5DE801BA6B3AC008E3350 /* DPSource.m */ = {isa = PBXFileReference; fileEncoding = 4; lastKnownFileType = sourcecode.c.objc; path = DPSource.m; sourceTree = "<group>"; };
		86C5DE811BA6B3AC008E3350 /* DPTwitterQueryResult.h */ = {isa = PBXFileReference; fileEncoding = 4; lastKnownFileType = sourcecode.c.h; path = DPTwitterQueryResult.h; sourceTree = "<group>"; };
		86C5DE821BA6B3AC008E3350 /* DPTwitterQueryResult.m */ = {isa = PBXFileReference; fileEncoding = 4; lastKnownFileType = sourcecode.c.objc; path = DPTwitterQueryResult.m; sourceTree = "<group>"; };
		86C5DE871BA6B3B3008E3350 /* GTMNSString+HTML.h */ = {isa = PBXFileReference; fileEncoding = 4; lastKnownFileType = sourcecode.c.h; path = "GTMNSString+HTML.h"; sourceTree = "<group>"; };
		86C5DE881BA6B3B3008E3350 /* GTMNSString+HTML.m */ = {isa = PBXFileReference; fileEncoding = 4; lastKnownFileType = sourcecode.c.objc; path = "GTMNSString+HTML.m"; sourceTree = "<group>"; };
		A02F57CD6FE209C3337E7CD4 /* Pods-Dispatch.debug.xcconfig */ = {isa = PBXFileReference; includeInIndex = 1; lastKnownFileType = text.xcconfig; name = "Pods-Dispatch.debug.xcconfig"; path = "Pods/Target Support Files/Pods-Dispatch/Pods-Dispatch.debug.xcconfig"; sourceTree = "<group>"; };
		B46230819BB606ADCF89AB46 /* libPods-Dispatch.a */ = {isa = PBXFileReference; explicitFileType = archive.ar; includeInIndex = 0; path = "libPods-Dispatch.a"; sourceTree = BUILT_PRODUCTS_DIR; };
		C3DF8F82542EE3CADB12FA13 /* Pods-Dispatch.release.xcconfig */ = {isa = PBXFileReference; includeInIndex = 1; lastKnownFileType = text.xcconfig; name = "Pods-Dispatch.release.xcconfig"; path = "Pods/Target Support Files/Pods-Dispatch/Pods-Dispatch.release.xcconfig"; sourceTree = "<group>"; };
		E9AF50948957C545A66B9CDF /* libPods-DispatchTests.a */ = {isa = PBXFileReference; explicitFileType = archive.ar; includeInIndex = 0; path = "libPods-DispatchTests.a"; sourceTree = BUILT_PRODUCTS_DIR; };
/* End PBXFileReference section */

/* Begin PBXFrameworksBuildPhase section */
		86C5DDF41BA6B291008E3350 /* Frameworks */ = {
			isa = PBXFrameworksBuildPhase;
			buildActionMask = 2147483647;
			files = (
				71F0167C328E31CD575A9FCF /* libPods-Dispatch.a in Frameworks */,
			);
			runOnlyForDeploymentPostprocessing = 0;
		};
		86C5DE0D1BA6B291008E3350 /* Frameworks */ = {
			isa = PBXFrameworksBuildPhase;
			buildActionMask = 2147483647;
			files = (
				DBB3345E5A2C1C65CAD07E11 /* libPods-DispatchTests.a in Frameworks */,
			);
			runOnlyForDeploymentPostprocessing = 0;
		};
/* End PBXFrameworksBuildPhase section */

/* Begin PBXGroup section */
		86C5DDEE1BA6B291008E3350 = {
			isa = PBXGroup;
			children = (
				86C5DDF91BA6B291008E3350 /* Dispatch */,
				86C5DE131BA6B291008E3350 /* Tests */,
				86C5DE201BA6B36C008E3350 /* Supporting */,
			);
			sourceTree = "<group>";
		};
		86C5DDF81BA6B291008E3350 /* Products */ = {
			isa = PBXGroup;
			children = (
				86C5DDF71BA6B291008E3350 /* Dispatch.app */,
				86C5DE101BA6B291008E3350 /* DispatchTests.xctest */,
			);
			name = Products;
			sourceTree = "<group>";
		};
		86C5DDF91BA6B291008E3350 /* Dispatch */ = {
			isa = PBXGroup;
			children = (
				86C5DDFE1BA6B291008E3350 /* AppDelegate.h */,
				86C5DDFF1BA6B291008E3350 /* AppDelegate.m */,
				86C5DE011BA6B291008E3350 /* ViewController.h */,
				86C5DE021BA6B291008E3350 /* ViewController.m */,
				86C5DE041BA6B291008E3350 /* Main.storyboard */,
				86C5DE071BA6B291008E3350 /* Images.xcassets */,
				86C5DE091BA6B291008E3350 /* LaunchScreen.xib */,
			);
			path = Dispatch;
			sourceTree = "<group>";
		};
		86C5DDFA1BA6B291008E3350 /* Supporting Files */ = {
			isa = PBXGroup;
			children = (
				86C5DDFB1BA6B291008E3350 /* Info.plist */,
				86C5DDFC1BA6B291008E3350 /* main.m */,
			);
			name = "Supporting Files";
			path = Dispatch;
			sourceTree = "<group>";
		};
		86C5DE131BA6B291008E3350 /* Tests */ = {
			isa = PBXGroup;
			children = (
				86C5DE161BA6B291008E3350 /* DispatchTests.m */,
				86C5DE141BA6B291008E3350 /* Supporting Files */,
			);
			name = Tests;
			path = DispatchTests;
			sourceTree = "<group>";
		};
		86C5DE141BA6B291008E3350 /* Supporting Files */ = {
			isa = PBXGroup;
			children = (
				86C5DE151BA6B291008E3350 /* Info.plist */,
			);
			name = "Supporting Files";
			sourceTree = "<group>";
		};
		86C5DE201BA6B36C008E3350 /* Supporting */ = {
			isa = PBXGroup;
			children = (
				86C5DE211BA6B385008E3350 /* Libraries */,
				86C5DDFA1BA6B291008E3350 /* Supporting Files */,
				86C5DDF81BA6B291008E3350 /* Products */,
				C4BA2502EECF05CCECD2D1B5 /* Pods */,
				D956407854177F211C1D994B /* Frameworks */,
			);
			name = Supporting;
			sourceTree = "<group>";
		};
		86C5DE211BA6B385008E3350 /* Libraries */ = {
			isa = PBXGroup;
			children = (
				86C5DE8A1BA6B3B7008E3350 /* Google Toolbox for Mac */,
				86C5DE7A1BA6B3AC008E3350 /* Match Core */,
				86C5DE221BA6B391008E3350 /* PhotoKit */,
			);
			name = Libraries;
			sourceTree = "<group>";
		};
		86C5DE221BA6B391008E3350 /* PhotoKit */ = {
			isa = PBXGroup;
			children = (
				86C5DE231BA6B391008E3350 /* FLAnimatedImageView */,
				86C5DE351BA6B391008E3350 /* PhotoKit Core */,
				86C5DE451BA6B391008E3350 /* SDWebImage */,
			);
			path = PhotoKit;
			sourceTree = "<group>";
		};
		86C5DE231BA6B391008E3350 /* FLAnimatedImageView */ = {
			isa = PBXGroup;
			children = (
				86C5DE241BA6B391008E3350 /* FLAnimatedImage.h */,
				86C5DE251BA6B391008E3350 /* FLAnimatedImage.m */,
				86C5DE261BA6B391008E3350 /* FLAnimatedImageView.h */,
				86C5DE271BA6B391008E3350 /* FLAnimatedImageView.m */,
			);
			path = FLAnimatedImageView;
			sourceTree = "<group>";
		};
		86C5DE351BA6B391008E3350 /* PhotoKit Core */ = {
			isa = PBXGroup;
			children = (
				86C5DE361BA6B391008E3350 /* FLAnimatedImageView+PhotoKit.h */,
				86C5DE371BA6B391008E3350 /* FLAnimatedImageView+PhotoKit.m */,
				86C5DE381BA6B391008E3350 /* PhotoKit.h */,
				86C5DE391BA6B391008E3350 /* PKPhotoStore.h */,
				86C5DE3A1BA6B391008E3350 /* PKPhotoStore.m */,
				86C5DE3B1BA6B391008E3350 /* UIImageView+PhotoKit.h */,
				86C5DE3C1BA6B391008E3350 /* UIImageView+PhotoKit.m */,
			);
			path = "PhotoKit Core";
			sourceTree = "<group>";
		};
		86C5DE451BA6B391008E3350 /* SDWebImage */ = {
			isa = PBXGroup;
			children = (
				86C5DE461BA6B391008E3350 /* NSData+ImageContentType.h */,
				86C5DE471BA6B391008E3350 /* NSData+ImageContentType.m */,
				86C5DE481BA6B391008E3350 /* SDImageCache.h */,
				86C5DE491BA6B391008E3350 /* SDImageCache.m */,
				86C5DE4A1BA6B391008E3350 /* SDWebImageCompat.h */,
				86C5DE4B1BA6B391008E3350 /* SDWebImageCompat.m */,
				86C5DE4C1BA6B391008E3350 /* SDWebImageDecoder.h */,
				86C5DE4D1BA6B391008E3350 /* SDWebImageDecoder.m */,
				86C5DE4E1BA6B391008E3350 /* SDWebImageDownloader.h */,
				86C5DE4F1BA6B391008E3350 /* SDWebImageDownloader.m */,
				86C5DE501BA6B391008E3350 /* SDWebImageDownloaderOperation.h */,
				86C5DE511BA6B391008E3350 /* SDWebImageDownloaderOperation.m */,
				86C5DE521BA6B391008E3350 /* SDWebImageManager.h */,
				86C5DE531BA6B391008E3350 /* SDWebImageManager.m */,
				86C5DE541BA6B391008E3350 /* SDWebImageOperation.h */,
				86C5DE551BA6B391008E3350 /* SDWebImagePrefetcher.h */,
				86C5DE561BA6B391008E3350 /* SDWebImagePrefetcher.m */,
				86C5DE571BA6B391008E3350 /* UIImage+MultiFormat.h */,
				86C5DE581BA6B391008E3350 /* UIImage+MultiFormat.m */,
				86C5DE591BA6B391008E3350 /* UIImage+WebP.h */,
				86C5DE5A1BA6B391008E3350 /* UIImage+WebP.m */,
			);
			path = SDWebImage;
			sourceTree = "<group>";
		};
		86C5DE7A1BA6B3AC008E3350 /* Match Core */ = {
			isa = PBXGroup;
			children = (
				86C5DE7B1BA6B3AC008E3350 /* DPFeedlyQueryResult.h */,
				86C5DE7C1BA6B3AC008E3350 /* DPFeedlyQueryResult.m */,
				86C5DE7D1BA6B3AC008E3350 /* DPMatch.h */,
				86C5DE7E1BA6B3AC008E3350 /* DPMatch.m */,
				86C5DE7F1BA6B3AC008E3350 /* DPSource.h */,
				86C5DE801BA6B3AC008E3350 /* DPSource.m */,
				86C5DE811BA6B3AC008E3350 /* DPTwitterQueryResult.h */,
				86C5DE821BA6B3AC008E3350 /* DPTwitterQueryResult.m */,
			);
			name = "Match Core";
			path = "dispatch-match core";
			sourceTree = "<group>";
		};
		86C5DE8A1BA6B3B7008E3350 /* Google Toolbox for Mac */ = {
			isa = PBXGroup;
			children = (
				86C5DE871BA6B3B3008E3350 /* GTMNSString+HTML.h */,
				86C5DE881BA6B3B3008E3350 /* GTMNSString+HTML.m */,
			);
			name = "Google Toolbox for Mac";
			sourceTree = "<group>";
		};
		C4BA2502EECF05CCECD2D1B5 /* Pods */ = {
			isa = PBXGroup;
			children = (
				A02F57CD6FE209C3337E7CD4 /* Pods-Dispatch.debug.xcconfig */,
				C3DF8F82542EE3CADB12FA13 /* Pods-Dispatch.release.xcconfig */,
				2F19F804A490DDAD944C9D58 /* Pods-DispatchTests.debug.xcconfig */,
				7AE42473B3B84BAFA704B30F /* Pods-DispatchTests.release.xcconfig */,
			);
			name = Pods;
			sourceTree = "<group>";
		};
		D956407854177F211C1D994B /* Frameworks */ = {
			isa = PBXGroup;
			children = (
				B46230819BB606ADCF89AB46 /* libPods-Dispatch.a */,
				E9AF50948957C545A66B9CDF /* libPods-DispatchTests.a */,
			);
			name = Frameworks;
			sourceTree = "<group>";
		};
/* End PBXGroup section */

/* Begin PBXNativeTarget section */
		86C5DDF61BA6B291008E3350 /* Dispatch */ = {
			isa = PBXNativeTarget;
			buildConfigurationList = 86C5DE1A1BA6B291008E3350 /* Build configuration list for PBXNativeTarget "Dispatch" */;
			buildPhases = (
				7555FB91D99EE45790159E8B /* Check Pods Manifest.lock */,
				86C5DDF31BA6B291008E3350 /* Sources */,
				86C5DDF41BA6B291008E3350 /* Frameworks */,
				86C5DDF51BA6B291008E3350 /* Resources */,
				6442A325FA64FAACEEA376FB /* Copy Pods Resources */,
				86C5DE8B1BA6B492008E3350 /* ShellScript */,
			);
			buildRules = (
			);
			dependencies = (
			);
			name = Dispatch;
			productName = Dispatch;
			productReference = 86C5DDF71BA6B291008E3350 /* Dispatch.app */;
			productType = "com.apple.product-type.application";
		};
		86C5DE0F1BA6B291008E3350 /* DispatchTests */ = {
			isa = PBXNativeTarget;
			buildConfigurationList = 86C5DE1D1BA6B291008E3350 /* Build configuration list for PBXNativeTarget "DispatchTests" */;
			buildPhases = (
				027C0670CFC3126FAD393013 /* Check Pods Manifest.lock */,
				86C5DE0C1BA6B291008E3350 /* Sources */,
				86C5DE0D1BA6B291008E3350 /* Frameworks */,
				86C5DE0E1BA6B291008E3350 /* Resources */,
				20A688088F97F5FFC7C27FA4 /* Copy Pods Resources */,
			);
			buildRules = (
			);
			dependencies = (
				86C5DE121BA6B291008E3350 /* PBXTargetDependency */,
			);
			name = DispatchTests;
			productName = DispatchTests;
			productReference = 86C5DE101BA6B291008E3350 /* DispatchTests.xctest */;
			productType = "com.apple.product-type.bundle.unit-test";
		};
/* End PBXNativeTarget section */

/* Begin PBXProject section */
		86C5DDEF1BA6B291008E3350 /* Project object */ = {
			isa = PBXProject;
			attributes = {
				LastUpgradeCheck = 0640;
				ORGANIZATIONNAME = "Izuchukwu Elechi";
				TargetAttributes = {
					86C5DDF61BA6B291008E3350 = {
						CreatedOnToolsVersion = 6.4;
					};
					86C5DE0F1BA6B291008E3350 = {
						CreatedOnToolsVersion = 6.4;
						TestTargetID = 86C5DDF61BA6B291008E3350;
					};
				};
			};
			buildConfigurationList = 86C5DDF21BA6B291008E3350 /* Build configuration list for PBXProject "Dispatch" */;
			compatibilityVersion = "Xcode 3.2";
			developmentRegion = English;
			hasScannedForEncodings = 0;
			knownRegions = (
				en,
				Base,
			);
			mainGroup = 86C5DDEE1BA6B291008E3350;
			productRefGroup = 86C5DDF81BA6B291008E3350 /* Products */;
			projectDirPath = "";
			projectRoot = "";
			targets = (
				86C5DDF61BA6B291008E3350 /* Dispatch */,
				86C5DE0F1BA6B291008E3350 /* DispatchTests */,
			);
		};
/* End PBXProject section */

/* Begin PBXResourcesBuildPhase section */
		86C5DDF51BA6B291008E3350 /* Resources */ = {
			isa = PBXResourcesBuildPhase;
			buildActionMask = 2147483647;
			files = (
				86C5DE061BA6B291008E3350 /* Main.storyboard in Resources */,
				86C5DE0B1BA6B291008E3350 /* LaunchScreen.xib in Resources */,
				86C5DE081BA6B291008E3350 /* Images.xcassets in Resources */,
			);
			runOnlyForDeploymentPostprocessing = 0;
		};
		86C5DE0E1BA6B291008E3350 /* Resources */ = {
			isa = PBXResourcesBuildPhase;
			buildActionMask = 2147483647;
			files = (
			);
			runOnlyForDeploymentPostprocessing = 0;
		};
/* End PBXResourcesBuildPhase section */

/* Begin PBXShellScriptBuildPhase section */
		027C0670CFC3126FAD393013 /* Check Pods Manifest.lock */ = {
			isa = PBXShellScriptBuildPhase;
			buildActionMask = 2147483647;
			files = (
			);
			inputPaths = (
			);
			name = "Check Pods Manifest.lock";
			outputPaths = (
			);
			runOnlyForDeploymentPostprocessing = 0;
			shellPath = /bin/sh;
			shellScript = "diff \"${PODS_ROOT}/../Podfile.lock\" \"${PODS_ROOT}/Manifest.lock\" > /dev/null\nif [[ $? != 0 ]] ; then\n    cat << EOM\nerror: The sandbox is not in sync with the Podfile.lock. Run 'pod install' or update your CocoaPods installation.\nEOM\n    exit 1\nfi\n";
			showEnvVarsInLog = 0;
		};
		20A688088F97F5FFC7C27FA4 /* Copy Pods Resources */ = {
			isa = PBXShellScriptBuildPhase;
			buildActionMask = 2147483647;
			files = (
			);
			inputPaths = (
			);
			name = "Copy Pods Resources";
			outputPaths = (
			);
			runOnlyForDeploymentPostprocessing = 0;
			shellPath = /bin/sh;
			shellScript = "\"${SRCROOT}/Pods/Target Support Files/Pods-DispatchTests/Pods-DispatchTests-resources.sh\"\n";
			showEnvVarsInLog = 0;
		};
		6442A325FA64FAACEEA376FB /* Copy Pods Resources */ = {
			isa = PBXShellScriptBuildPhase;
			buildActionMask = 2147483647;
			files = (
			);
			inputPaths = (
			);
			name = "Copy Pods Resources";
			outputPaths = (
			);
			runOnlyForDeploymentPostprocessing = 0;
			shellPath = /bin/sh;
			shellScript = "\"${SRCROOT}/Pods/Target Support Files/Pods-Dispatch/Pods-Dispatch-resources.sh\"\n";
			showEnvVarsInLog = 0;
		};
		7555FB91D99EE45790159E8B /* Check Pods Manifest.lock */ = {
			isa = PBXShellScriptBuildPhase;
			buildActionMask = 2147483647;
			files = (
			);
			inputPaths = (
			);
			name = "Check Pods Manifest.lock";
			outputPaths = (
			);
			runOnlyForDeploymentPostprocessing = 0;
			shellPath = /bin/sh;
			shellScript = "diff \"${PODS_ROOT}/../Podfile.lock\" \"${PODS_ROOT}/Manifest.lock\" > /dev/null\nif [[ $? != 0 ]] ; then\n    cat << EOM\nerror: The sandbox is not in sync with the Podfile.lock. Run 'pod install' or update your CocoaPods installation.\nEOM\n    exit 1\nfi\n";
			showEnvVarsInLog = 0;
		};
		86C5DE8B1BA6B492008E3350 /* ShellScript */ = {
			isa = PBXShellScriptBuildPhase;
			buildActionMask = 2147483647;
			files = (
			);
			inputPaths = (
			);
			outputPaths = (
			);
			runOnlyForDeploymentPostprocessing = 0;
			shellPath = /bin/sh;
			shellScript = "\"${PODS_ROOT}/Fabric/Fabric.framework/run\" f0044b0d6d6efd5198e519ab0d793ebbdd16f5f4 832a83062a4955feb11cbfc48e20b9a876428092e1f44b2e25d0ab74132e2f7a";
		};
/* End PBXShellScriptBuildPhase section */

/* Begin PBXSourcesBuildPhase section */
		86C5DDF31BA6B291008E3350 /* Sources */ = {
			isa = PBXSourcesBuildPhase;
			buildActionMask = 2147483647;
			files = (
				86C5DE711BA6B391008E3350 /* SDWebImagePrefetcher.m in Sources */,
				86C5DE891BA6B3B3008E3350 /* GTMNSString+HTML.m in Sources */,
				86C5DE851BA6B3AC008E3350 /* DPSource.m in Sources */,
				86C5DE651BA6B391008E3350 /* PKPhotoStore.m in Sources */,
				86C5DE5B1BA6B391008E3350 /* FLAnimatedImage.m in Sources */,
				86C5DE6A1BA6B391008E3350 /* NSData+ImageContentType.m in Sources */,
				86C5DE831BA6B3AC008E3350 /* DPFeedlyQueryResult.m in Sources */,
				86C5DE031BA6B291008E3350 /* ViewController.m in Sources */,
				86C5DE5C1BA6B391008E3350 /* FLAnimatedImageView.m in Sources */,
				86C5DE6F1BA6B391008E3350 /* SDWebImageDownloaderOperation.m in Sources */,
				86C5DE641BA6B391008E3350 /* FLAnimatedImageView+PhotoKit.m in Sources */,
				86C5DE6C1BA6B391008E3350 /* SDWebImageCompat.m in Sources */,
				86C5DE721BA6B391008E3350 /* UIImage+MultiFormat.m in Sources */,
				86C5DE001BA6B291008E3350 /* AppDelegate.m in Sources */,
				86C5DDFD1BA6B291008E3350 /* main.m in Sources */,
				86C5DE6E1BA6B391008E3350 /* SDWebImageDownloader.m in Sources */,
				86C5DE6D1BA6B391008E3350 /* SDWebImageDecoder.m in Sources */,
				86C5DE701BA6B391008E3350 /* SDWebImageManager.m in Sources */,
				86C5DE661BA6B391008E3350 /* UIImageView+PhotoKit.m in Sources */,
				86C5DE841BA6B3AC008E3350 /* DPMatch.m in Sources */,
				86C5DE861BA6B3AC008E3350 /* DPTwitterQueryResult.m in Sources */,
				86C5DE6B1BA6B391008E3350 /* SDImageCache.m in Sources */,
				86C5DE731BA6B391008E3350 /* UIImage+WebP.m in Sources */,
			);
			runOnlyForDeploymentPostprocessing = 0;
		};
		86C5DE0C1BA6B291008E3350 /* Sources */ = {
			isa = PBXSourcesBuildPhase;
			buildActionMask = 2147483647;
			files = (
				86C5DE171BA6B291008E3350 /* DispatchTests.m in Sources */,
			);
			runOnlyForDeploymentPostprocessing = 0;
		};
/* End PBXSourcesBuildPhase section */

/* Begin PBXTargetDependency section */
		86C5DE121BA6B291008E3350 /* PBXTargetDependency */ = {
			isa = PBXTargetDependency;
			target = 86C5DDF61BA6B291008E3350 /* Dispatch */;
			targetProxy = 86C5DE111BA6B291008E3350 /* PBXContainerItemProxy */;
		};
/* End PBXTargetDependency section */

/* Begin PBXVariantGroup section */
		86C5DE041BA6B291008E3350 /* Main.storyboard */ = {
			isa = PBXVariantGroup;
			children = (
				86C5DE051BA6B291008E3350 /* Base */,
			);
			name = Main.storyboard;
			sourceTree = "<group>";
		};
		86C5DE091BA6B291008E3350 /* LaunchScreen.xib */ = {
			isa = PBXVariantGroup;
			children = (
				86C5DE0A1BA6B291008E3350 /* Base */,
			);
			name = LaunchScreen.xib;
			sourceTree = "<group>";
		};
/* End PBXVariantGroup section */

/* Begin XCBuildConfiguration section */
		86C5DE181BA6B291008E3350 /* Debug */ = {
			isa = XCBuildConfiguration;
			buildSettings = {
				ALWAYS_SEARCH_USER_PATHS = NO;
				CLANG_CXX_LANGUAGE_STANDARD = "gnu++0x";
				CLANG_CXX_LIBRARY = "libc++";
				CLANG_ENABLE_MODULES = YES;
				CLANG_ENABLE_OBJC_ARC = YES;
				CLANG_WARN_BOOL_CONVERSION = YES;
				CLANG_WARN_CONSTANT_CONVERSION = YES;
				CLANG_WARN_DIRECT_OBJC_ISA_USAGE = YES_ERROR;
				CLANG_WARN_EMPTY_BODY = YES;
				CLANG_WARN_ENUM_CONVERSION = YES;
				CLANG_WARN_INT_CONVERSION = YES;
				CLANG_WARN_OBJC_ROOT_CLASS = YES_ERROR;
				CLANG_WARN_UNREACHABLE_CODE = YES;
				CLANG_WARN__DUPLICATE_METHOD_MATCH = YES;
				"CODE_SIGN_IDENTITY[sdk=iphoneos*]" = "iPhone Developer";
				COPY_PHASE_STRIP = NO;
				DEBUG_INFORMATION_FORMAT = "dwarf-with-dsym";
				ENABLE_STRICT_OBJC_MSGSEND = YES;
				GCC_C_LANGUAGE_STANDARD = gnu99;
				GCC_DYNAMIC_NO_PIC = NO;
				GCC_NO_COMMON_BLOCKS = YES;
				GCC_OPTIMIZATION_LEVEL = 0;
				GCC_PREPROCESSOR_DEFINITIONS = (
					"DEBUG=1",
					"$(inherited)",
				);
				GCC_SYMBOLS_PRIVATE_EXTERN = NO;
				GCC_WARN_64_TO_32_BIT_CONVERSION = YES;
				GCC_WARN_ABOUT_RETURN_TYPE = YES_ERROR;
				GCC_WARN_UNDECLARED_SELECTOR = YES;
				GCC_WARN_UNINITIALIZED_AUTOS = YES_AGGRESSIVE;
				GCC_WARN_UNUSED_FUNCTION = YES;
				GCC_WARN_UNUSED_VARIABLE = YES;
				IPHONEOS_DEPLOYMENT_TARGET = 8.4;
				MTL_ENABLE_DEBUG_INFO = YES;
				ONLY_ACTIVE_ARCH = YES;
				SDKROOT = iphoneos;
			};
			name = Debug;
		};
		86C5DE191BA6B291008E3350 /* Release */ = {
			isa = XCBuildConfiguration;
			buildSettings = {
				ALWAYS_SEARCH_USER_PATHS = NO;
				CLANG_CXX_LANGUAGE_STANDARD = "gnu++0x";
				CLANG_CXX_LIBRARY = "libc++";
				CLANG_ENABLE_MODULES = YES;
				CLANG_ENABLE_OBJC_ARC = YES;
				CLANG_WARN_BOOL_CONVERSION = YES;
				CLANG_WARN_CONSTANT_CONVERSION = YES;
				CLANG_WARN_DIRECT_OBJC_ISA_USAGE = YES_ERROR;
				CLANG_WARN_EMPTY_BODY = YES;
				CLANG_WARN_ENUM_CONVERSION = YES;
				CLANG_WARN_INT_CONVERSION = YES;
				CLANG_WARN_OBJC_ROOT_CLASS = YES_ERROR;
				CLANG_WARN_UNREACHABLE_CODE = YES;
				CLANG_WARN__DUPLICATE_METHOD_MATCH = YES;
				"CODE_SIGN_IDENTITY[sdk=iphoneos*]" = "iPhone Developer";
				COPY_PHASE_STRIP = NO;
				DEBUG_INFORMATION_FORMAT = "dwarf-with-dsym";
				ENABLE_NS_ASSERTIONS = NO;
				ENABLE_STRICT_OBJC_MSGSEND = YES;
				GCC_C_LANGUAGE_STANDARD = gnu99;
				GCC_NO_COMMON_BLOCKS = YES;
				GCC_WARN_64_TO_32_BIT_CONVERSION = YES;
				GCC_WARN_ABOUT_RETURN_TYPE = YES_ERROR;
				GCC_WARN_UNDECLARED_SELECTOR = YES;
				GCC_WARN_UNINITIALIZED_AUTOS = YES_AGGRESSIVE;
				GCC_WARN_UNUSED_FUNCTION = YES;
				GCC_WARN_UNUSED_VARIABLE = YES;
				IPHONEOS_DEPLOYMENT_TARGET = 8.4;
				MTL_ENABLE_DEBUG_INFO = NO;
				SDKROOT = iphoneos;
				VALIDATE_PRODUCT = YES;
			};
			name = Release;
		};
		86C5DE1B1BA6B291008E3350 /* Debug */ = {
			isa = XCBuildConfiguration;
			baseConfigurationReference = A02F57CD6FE209C3337E7CD4 /* Pods-Dispatch.debug.xcconfig */;
			buildSettings = {
				ASSETCATALOG_COMPILER_APPICON_NAME = AppIcon;
				INFOPLIST_FILE = Dispatch/Info.plist;
				LD_RUNPATH_SEARCH_PATHS = "$(inherited) @executable_path/Frameworks";
				PRODUCT_NAME = "$(TARGET_NAME)";
			};
			name = Debug;
		};
		86C5DE1C1BA6B291008E3350 /* Release */ = {
			isa = XCBuildConfiguration;
			baseConfigurationReference = C3DF8F82542EE3CADB12FA13 /* Pods-Dispatch.release.xcconfig */;
			buildSettings = {
				ASSETCATALOG_COMPILER_APPICON_NAME = AppIcon;
				INFOPLIST_FILE = Dispatch/Info.plist;
				LD_RUNPATH_SEARCH_PATHS = "$(inherited) @executable_path/Frameworks";
				PRODUCT_NAME = "$(TARGET_NAME)";
			};
			name = Release;
		};
		86C5DE1E1BA6B291008E3350 /* Debug */ = {
			isa = XCBuildConfiguration;
			baseConfigurationReference = 2F19F804A490DDAD944C9D58 /* Pods-DispatchTests.debug.xcconfig */;
			buildSettings = {
				BUNDLE_LOADER = "$(TEST_HOST)";
				FRAMEWORK_SEARCH_PATHS = (
					"$(SDKROOT)/Developer/Library/Frameworks",
					"$(inherited)",
				);
				GCC_PREPROCESSOR_DEFINITIONS = (
					"DEBUG=1",
					"$(inherited)",
				);
				INFOPLIST_FILE = DispatchTests/Info.plist;
				LD_RUNPATH_SEARCH_PATHS = "$(inherited) @executable_path/Frameworks @loader_path/Frameworks";
				PRODUCT_NAME = "$(TARGET_NAME)";
				TEST_HOST = "$(BUILT_PRODUCTS_DIR)/Dispatch.app/Dispatch";
			};
			name = Debug;
		};
		86C5DE1F1BA6B291008E3350 /* Release */ = {
			isa = XCBuildConfiguration;
			baseConfigurationReference = 7AE42473B3B84BAFA704B30F /* Pods-DispatchTests.release.xcconfig */;
			buildSettings = {
				BUNDLE_LOADER = "$(TEST_HOST)";
				FRAMEWORK_SEARCH_PATHS = (
					"$(SDKROOT)/Developer/Library/Frameworks",
					"$(inherited)",
				);
				INFOPLIST_FILE = DispatchTests/Info.plist;
				LD_RUNPATH_SEARCH_PATHS = "$(inherited) @executable_path/Frameworks @loader_path/Frameworks";
				PRODUCT_NAME = "$(TARGET_NAME)";
				TEST_HOST = "$(BUILT_PRODUCTS_DIR)/Dispatch.app/Dispatch";
			};
			name = Release;
		};
/* End XCBuildConfiguration section */

/* Begin XCConfigurationList section */
		86C5DDF21BA6B291008E3350 /* Build configuration list for PBXProject "Dispatch" */ = {
			isa = XCConfigurationList;
			buildConfigurations = (
				86C5DE181BA6B291008E3350 /* Debug */,
				86C5DE191BA6B291008E3350 /* Release */,
			);
			defaultConfigurationIsVisible = 0;
			defaultConfigurationName = Release;
		};
		86C5DE1A1BA6B291008E3350 /* Build configuration list for PBXNativeTarget "Dispatch" */ = {
			isa = XCConfigurationList;
			buildConfigurations = (
				86C5DE1B1BA6B291008E3350 /* Debug */,
				86C5DE1C1BA6B291008E3350 /* Release */,
			);
			defaultConfigurationIsVisible = 0;
			defaultConfigurationName = Release;
		};
		86C5DE1D1BA6B291008E3350 /* Build configuration list for PBXNativeTarget "DispatchTests" */ = {
			isa = XCConfigurationList;
			buildConfigurations = (
				86C5DE1E1BA6B291008E3350 /* Debug */,
				86C5DE1F1BA6B291008E3350 /* Release */,
			);
			defaultConfigurationIsVisible = 0;
			defaultConfigurationName = Release;
		};
/* End XCConfigurationList section */
	};
	rootObject = 86C5DDEF1BA6B291008E3350 /* Project object */;
}
