// !$*UTF8*$!
{
	archiveVersion = 1;
	classes = {
	};
	objectVersion = 46;
	objects = {

/* Begin PBXBuildFile section */
		869F90191A9C57880096FC30 /* main.m in Sources */ = {isa = PBXBuildFile; fileRef = 869F90181A9C57880096FC30 /* main.m */; };
		869F901C1A9C57880096FC30 /* AppDelegate.m in Sources */ = {isa = PBXBuildFile; fileRef = 869F901B1A9C57880096FC30 /* AppDelegate.m */; };
		869F901F1A9C57880096FC30 /* ViewController.m in Sources */ = {isa = PBXBuildFile; fileRef = 869F901E1A9C57880096FC30 /* ViewController.m */; };
		869F90221A9C57880096FC30 /* Main.storyboard in Resources */ = {isa = PBXBuildFile; fileRef = 869F90201A9C57880096FC30 /* Main.storyboard */; };
		869F90241A9C57880096FC30 /* Images.xcassets in Resources */ = {isa = PBXBuildFile; fileRef = 869F90231A9C57880096FC30 /* Images.xcassets */; };
		869F90271A9C57880096FC30 /* LaunchScreen.xib in Resources */ = {isa = PBXBuildFile; fileRef = 869F90251A9C57880096FC30 /* LaunchScreen.xib */; };
		869F90331A9C57880096FC30 /* FeedlyKitTests.m in Sources */ = {isa = PBXBuildFile; fileRef = 869F90321A9C57880096FC30 /* FeedlyKitTests.m */; };
		869F90411A9C57BB0096FC30 /* Security.framework in Frameworks */ = {isa = PBXBuildFile; fileRef = 869F90401A9C57BB0096FC30 /* Security.framework */; };
		869F90661A9C57C20096FC30 /* NSData+NXOAuth2.m in Sources */ = {isa = PBXBuildFile; fileRef = 869F90451A9C57C20096FC30 /* NSData+NXOAuth2.m */; };
		869F90671A9C57C20096FC30 /* NSString+NXOAuth2.m in Sources */ = {isa = PBXBuildFile; fileRef = 869F90471A9C57C20096FC30 /* NSString+NXOAuth2.m */; };
		869F90681A9C57C20096FC30 /* NSURL+NXOAuth2.m in Sources */ = {isa = PBXBuildFile; fileRef = 869F90491A9C57C20096FC30 /* NSURL+NXOAuth2.m */; };
		869F90691A9C57C20096FC30 /* NXOAuth2AccessToken.m in Sources */ = {isa = PBXBuildFile; fileRef = 869F904D1A9C57C20096FC30 /* NXOAuth2AccessToken.m */; };
		869F906A1A9C57C20096FC30 /* NXOAuth2Account.m in Sources */ = {isa = PBXBuildFile; fileRef = 869F904F1A9C57C20096FC30 /* NXOAuth2Account.m */; };
		869F906B1A9C57C20096FC30 /* NXOAuth2AccountStore.m in Sources */ = {isa = PBXBuildFile; fileRef = 869F90511A9C57C20096FC30 /* NXOAuth2AccountStore.m */; };
		869F906C1A9C57C20096FC30 /* NXOAuth2Client.m in Sources */ = {isa = PBXBuildFile; fileRef = 869F90531A9C57C20096FC30 /* NXOAuth2Client.m */; };
		869F906D1A9C57C20096FC30 /* NXOAuth2Connection.m in Sources */ = {isa = PBXBuildFile; fileRef = 869F90561A9C57C20096FC30 /* NXOAuth2Connection.m */; };
		869F906E1A9C57C20096FC30 /* NXOAuth2Constants.m in Sources */ = {isa = PBXBuildFile; fileRef = 869F90591A9C57C20096FC30 /* NXOAuth2Constants.m */; };
		869F906F1A9C57C20096FC30 /* NXOAuth2FileStreamWrapper.m in Sources */ = {isa = PBXBuildFile; fileRef = 869F905B1A9C57C20096FC30 /* NXOAuth2FileStreamWrapper.m */; };
		869F90701A9C57C20096FC30 /* NXOAuth2PostBodyPart.m in Sources */ = {isa = PBXBuildFile; fileRef = 869F905D1A9C57C20096FC30 /* NXOAuth2PostBodyPart.m */; };
		869F90711A9C57C20096FC30 /* NXOAuth2PostBodyStream.m in Sources */ = {isa = PBXBuildFile; fileRef = 869F905F1A9C57C20096FC30 /* NXOAuth2PostBodyStream.m */; };
		869F90721A9C57C20096FC30 /* NXOAuth2Request.m in Sources */ = {isa = PBXBuildFile; fileRef = 869F90611A9C57C20096FC30 /* NXOAuth2Request.m */; };
		869F907F1A9C58150096FC30 /* FKAuthViewController.m in Sources */ = {isa = PBXBuildFile; fileRef = 869F907A1A9C58150096FC30 /* FKAuthViewController.m */; };
		869F90801A9C58150096FC30 /* FKCloud.m in Sources */ = {isa = PBXBuildFile; fileRef = 869F907D1A9C58150096FC30 /* FKCloud.m */; };
		869F90861A9C6BCD0096FC30 /* UAObfuscatedString.m in Sources */ = {isa = PBXBuildFile; fileRef = 869F90841A9C6BCD0096FC30 /* UAObfuscatedString.m */; };
		869F908A1A9C6CDD0096FC30 /* FKCategory.m in Sources */ = {isa = PBXBuildFile; fileRef = 869F90891A9C6CDD0096FC30 /* FKCategory.m */; };
		869F908D1A9C6DB40096FC30 /* FKStream.m in Sources */ = {isa = PBXBuildFile; fileRef = 869F908C1A9C6DB40096FC30 /* FKStream.m */; };
		869F90901A9C6F790096FC30 /* FKFeed.m in Sources */ = {isa = PBXBuildFile; fileRef = 869F908F1A9C6F790096FC30 /* FKFeed.m */; };
		869F90931A9C70D80096FC30 /* FKArticle.m in Sources */ = {isa = PBXBuildFile; fileRef = 869F90921A9C70D80096FC30 /* FKArticle.m */; };
		869F909C1A9C99D90096FC30 /* ICNetworking.m in Sources */ = {isa = PBXBuildFile; fileRef = 869F90981A9C99D90096FC30 /* ICNetworking.m */; };
		869F909D1A9C99D90096FC30 /* ICNetworkingQueuedItem.m in Sources */ = {isa = PBXBuildFile; fileRef = 869F909B1A9C99D90096FC30 /* ICNetworkingQueuedItem.m */; };
		869F90A41A9D626B0096FC30 /* FKCache.m in Sources */ = {isa = PBXBuildFile; fileRef = 869F90A31A9D626B0096FC30 /* FKCache.m */; };
		869F90A71A9D6C750096FC30 /* FKProfile.m in Sources */ = {isa = PBXBuildFile; fileRef = 869F90A61A9D6C750096FC30 /* FKProfile.m */; };
/* End PBXBuildFile section */

/* Begin PBXContainerItemProxy section */
		869F902D1A9C57880096FC30 /* PBXContainerItemProxy */ = {
			isa = PBXContainerItemProxy;
			containerPortal = 869F900B1A9C57880096FC30 /* Project object */;
			proxyType = 1;
			remoteGlobalIDString = 869F90121A9C57880096FC30;
			remoteInfo = FeedlyKit;
		};
/* End PBXContainerItemProxy section */

/* Begin PBXFileReference section */
		869F90131A9C57880096FC30 /* FeedlyKit.app */ = {isa = PBXFileReference; explicitFileType = wrapper.application; includeInIndex = 0; path = FeedlyKit.app; sourceTree = BUILT_PRODUCTS_DIR; };
		869F90171A9C57880096FC30 /* Info.plist */ = {isa = PBXFileReference; lastKnownFileType = text.plist.xml; path = Info.plist; sourceTree = "<group>"; };
		869F90181A9C57880096FC30 /* main.m */ = {isa = PBXFileReference; lastKnownFileType = sourcecode.c.objc; path = main.m; sourceTree = "<group>"; };
		869F901A1A9C57880096FC30 /* AppDelegate.h */ = {isa = PBXFileReference; lastKnownFileType = sourcecode.c.h; path = AppDelegate.h; sourceTree = "<group>"; };
		869F901B1A9C57880096FC30 /* AppDelegate.m */ = {isa = PBXFileReference; lastKnownFileType = sourcecode.c.objc; path = AppDelegate.m; sourceTree = "<group>"; };
		869F901D1A9C57880096FC30 /* ViewController.h */ = {isa = PBXFileReference; lastKnownFileType = sourcecode.c.h; path = ViewController.h; sourceTree = "<group>"; };
		869F901E1A9C57880096FC30 /* ViewController.m */ = {isa = PBXFileReference; lastKnownFileType = sourcecode.c.objc; path = ViewController.m; sourceTree = "<group>"; };
		869F90211A9C57880096FC30 /* Base */ = {isa = PBXFileReference; lastKnownFileType = file.storyboard; name = Base; path = Base.lproj/Main.storyboard; sourceTree = "<group>"; };
		869F90231A9C57880096FC30 /* Images.xcassets */ = {isa = PBXFileReference; lastKnownFileType = folder.assetcatalog; path = Images.xcassets; sourceTree = "<group>"; };
		869F90261A9C57880096FC30 /* Base */ = {isa = PBXFileReference; lastKnownFileType = file.xib; name = Base; path = Base.lproj/LaunchScreen.xib; sourceTree = "<group>"; };
		869F902C1A9C57880096FC30 /* FeedlyKitTests.xctest */ = {isa = PBXFileReference; explicitFileType = wrapper.cfbundle; includeInIndex = 0; path = FeedlyKitTests.xctest; sourceTree = BUILT_PRODUCTS_DIR; };
		869F90311A9C57880096FC30 /* Info.plist */ = {isa = PBXFileReference; lastKnownFileType = text.plist.xml; path = Info.plist; sourceTree = "<group>"; };
		869F90321A9C57880096FC30 /* FeedlyKitTests.m */ = {isa = PBXFileReference; lastKnownFileType = sourcecode.c.objc; path = FeedlyKitTests.m; sourceTree = "<group>"; };
		869F90401A9C57BB0096FC30 /* Security.framework */ = {isa = PBXFileReference; lastKnownFileType = wrapper.framework; name = Security.framework; path = System/Library/Frameworks/Security.framework; sourceTree = SDKROOT; };
		869F90441A9C57C20096FC30 /* NSData+NXOAuth2.h */ = {isa = PBXFileReference; fileEncoding = 4; lastKnownFileType = sourcecode.c.h; path = "NSData+NXOAuth2.h"; sourceTree = "<group>"; };
		869F90451A9C57C20096FC30 /* NSData+NXOAuth2.m */ = {isa = PBXFileReference; fileEncoding = 4; lastKnownFileType = sourcecode.c.objc; path = "NSData+NXOAuth2.m"; sourceTree = "<group>"; };
		869F90461A9C57C20096FC30 /* NSString+NXOAuth2.h */ = {isa = PBXFileReference; fileEncoding = 4; lastKnownFileType = sourcecode.c.h; path = "NSString+NXOAuth2.h"; sourceTree = "<group>"; };
		869F90471A9C57C20096FC30 /* NSString+NXOAuth2.m */ = {isa = PBXFileReference; fileEncoding = 4; lastKnownFileType = sourcecode.c.objc; path = "NSString+NXOAuth2.m"; sourceTree = "<group>"; };
		869F90481A9C57C20096FC30 /* NSURL+NXOAuth2.h */ = {isa = PBXFileReference; fileEncoding = 4; lastKnownFileType = sourcecode.c.h; path = "NSURL+NXOAuth2.h"; sourceTree = "<group>"; };
		869F90491A9C57C20096FC30 /* NSURL+NXOAuth2.m */ = {isa = PBXFileReference; fileEncoding = 4; lastKnownFileType = sourcecode.c.objc; path = "NSURL+NXOAuth2.m"; sourceTree = "<group>"; };
		869F904B1A9C57C20096FC30 /* NXOAuth2.h */ = {isa = PBXFileReference; fileEncoding = 4; lastKnownFileType = sourcecode.c.h; path = NXOAuth2.h; sourceTree = "<group>"; };
		869F904C1A9C57C20096FC30 /* NXOAuth2AccessToken.h */ = {isa = PBXFileReference; fileEncoding = 4; lastKnownFileType = sourcecode.c.h; path = NXOAuth2AccessToken.h; sourceTree = "<group>"; };
		869F904D1A9C57C20096FC30 /* NXOAuth2AccessToken.m */ = {isa = PBXFileReference; fileEncoding = 4; lastKnownFileType = sourcecode.c.objc; path = NXOAuth2AccessToken.m; sourceTree = "<group>"; };
		869F904E1A9C57C20096FC30 /* NXOAuth2Account.h */ = {isa = PBXFileReference; fileEncoding = 4; lastKnownFileType = sourcecode.c.h; path = NXOAuth2Account.h; sourceTree = "<group>"; };
		869F904F1A9C57C20096FC30 /* NXOAuth2Account.m */ = {isa = PBXFileReference; fileEncoding = 4; lastKnownFileType = sourcecode.c.objc; path = NXOAuth2Account.m; sourceTree = "<group>"; };
		869F90501A9C57C20096FC30 /* NXOAuth2AccountStore.h */ = {isa = PBXFileReference; fileEncoding = 4; lastKnownFileType = sourcecode.c.h; path = NXOAuth2AccountStore.h; sourceTree = "<group>"; };
		869F90511A9C57C20096FC30 /* NXOAuth2AccountStore.m */ = {isa = PBXFileReference; fileEncoding = 4; lastKnownFileType = sourcecode.c.objc; path = NXOAuth2AccountStore.m; sourceTree = "<group>"; };
		869F90521A9C57C20096FC30 /* NXOAuth2Client.h */ = {isa = PBXFileReference; fileEncoding = 4; lastKnownFileType = sourcecode.c.h; path = NXOAuth2Client.h; sourceTree = "<group>"; };
		869F90531A9C57C20096FC30 /* NXOAuth2Client.m */ = {isa = PBXFileReference; fileEncoding = 4; lastKnownFileType = sourcecode.c.objc; path = NXOAuth2Client.m; sourceTree = "<group>"; };
		869F90541A9C57C20096FC30 /* NXOAuth2ClientDelegate.h */ = {isa = PBXFileReference; fileEncoding = 4; lastKnownFileType = sourcecode.c.h; path = NXOAuth2ClientDelegate.h; sourceTree = "<group>"; };
		869F90551A9C57C20096FC30 /* NXOAuth2Connection.h */ = {isa = PBXFileReference; fileEncoding = 4; lastKnownFileType = sourcecode.c.h; path = NXOAuth2Connection.h; sourceTree = "<group>"; };
		869F90561A9C57C20096FC30 /* NXOAuth2Connection.m */ = {isa = PBXFileReference; fileEncoding = 4; lastKnownFileType = sourcecode.c.objc; path = NXOAuth2Connection.m; sourceTree = "<group>"; };
		869F90571A9C57C20096FC30 /* NXOAuth2ConnectionDelegate.h */ = {isa = PBXFileReference; fileEncoding = 4; lastKnownFileType = sourcecode.c.h; path = NXOAuth2ConnectionDelegate.h; sourceTree = "<group>"; };
		869F90581A9C57C20096FC30 /* NXOAuth2Constants.h */ = {isa = PBXFileReference; fileEncoding = 4; lastKnownFileType = sourcecode.c.h; path = NXOAuth2Constants.h; sourceTree = "<group>"; };
		869F90591A9C57C20096FC30 /* NXOAuth2Constants.m */ = {isa = PBXFileReference; fileEncoding = 4; lastKnownFileType = sourcecode.c.objc; path = NXOAuth2Constants.m; sourceTree = "<group>"; };
		869F905A1A9C57C20096FC30 /* NXOAuth2FileStreamWrapper.h */ = {isa = PBXFileReference; fileEncoding = 4; lastKnownFileType = sourcecode.c.h; path = NXOAuth2FileStreamWrapper.h; sourceTree = "<group>"; };
		869F905B1A9C57C20096FC30 /* NXOAuth2FileStreamWrapper.m */ = {isa = PBXFileReference; fileEncoding = 4; lastKnownFileType = sourcecode.c.objc; path = NXOAuth2FileStreamWrapper.m; sourceTree = "<group>"; };
		869F905C1A9C57C20096FC30 /* NXOAuth2PostBodyPart.h */ = {isa = PBXFileReference; fileEncoding = 4; lastKnownFileType = sourcecode.c.h; path = NXOAuth2PostBodyPart.h; sourceTree = "<group>"; };
		869F905D1A9C57C20096FC30 /* NXOAuth2PostBodyPart.m */ = {isa = PBXFileReference; fileEncoding = 4; lastKnownFileType = sourcecode.c.objc; path = NXOAuth2PostBodyPart.m; sourceTree = "<group>"; };
		869F905E1A9C57C20096FC30 /* NXOAuth2PostBodyStream.h */ = {isa = PBXFileReference; fileEncoding = 4; lastKnownFileType = sourcecode.c.h; path = NXOAuth2PostBodyStream.h; sourceTree = "<group>"; };
		869F905F1A9C57C20096FC30 /* NXOAuth2PostBodyStream.m */ = {isa = PBXFileReference; fileEncoding = 4; lastKnownFileType = sourcecode.c.objc; path = NXOAuth2PostBodyStream.m; sourceTree = "<group>"; };
		869F90601A9C57C20096FC30 /* NXOAuth2Request.h */ = {isa = PBXFileReference; fileEncoding = 4; lastKnownFileType = sourcecode.c.h; path = NXOAuth2Request.h; sourceTree = "<group>"; };
		869F90611A9C57C20096FC30 /* NXOAuth2Request.m */ = {isa = PBXFileReference; fileEncoding = 4; lastKnownFileType = sourcecode.c.objc; path = NXOAuth2Request.m; sourceTree = "<group>"; };
		869F90621A9C57C20096FC30 /* NXOAuth2TrustDelegate.h */ = {isa = PBXFileReference; fileEncoding = 4; lastKnownFileType = sourcecode.c.h; path = NXOAuth2TrustDelegate.h; sourceTree = "<group>"; };
		869F90641A9C57C20096FC30 /* NXOAuth2Account+Private.h */ = {isa = PBXFileReference; fileEncoding = 4; lastKnownFileType = sourcecode.c.h; path = "NXOAuth2Account+Private.h"; sourceTree = "<group>"; };
		869F90651A9C57C20096FC30 /* OAuth2Client_Prefix.pch */ = {isa = PBXFileReference; fileEncoding = 4; lastKnownFileType = sourcecode.c.h; path = OAuth2Client_Prefix.pch; sourceTree = "<group>"; };
		869F90771A9C58150096FC30 /* FeedlyKit.h */ = {isa = PBXFileReference; fileEncoding = 4; lastKnownFileType = sourcecode.c.h; path = FeedlyKit.h; sourceTree = "<group>"; };
		869F90791A9C58150096FC30 /* FKAuthViewController.h */ = {isa = PBXFileReference; fileEncoding = 4; lastKnownFileType = sourcecode.c.h; path = FKAuthViewController.h; sourceTree = "<group>"; };
		869F907A1A9C58150096FC30 /* FKAuthViewController.m */ = {isa = PBXFileReference; fileEncoding = 4; lastKnownFileType = sourcecode.c.objc; path = FKAuthViewController.m; sourceTree = "<group>"; };
		869F907C1A9C58150096FC30 /* FKCloud.h */ = {isa = PBXFileReference; fileEncoding = 4; lastKnownFileType = sourcecode.c.h; path = FKCloud.h; sourceTree = "<group>"; };
		869F907D1A9C58150096FC30 /* FKCloud.m */ = {isa = PBXFileReference; fileEncoding = 4; lastKnownFileType = sourcecode.c.objc; path = FKCloud.m; sourceTree = "<group>"; };
		869F907E1A9C58150096FC30 /* FKCloudConstants.h */ = {isa = PBXFileReference; fileEncoding = 4; lastKnownFileType = sourcecode.c.h; path = FKCloudConstants.h; sourceTree = "<group>"; };
		869F90831A9C6BCD0096FC30 /* UAObfuscatedString.h */ = {isa = PBXFileReference; fileEncoding = 4; lastKnownFileType = sourcecode.c.h; path = UAObfuscatedString.h; sourceTree = "<group>"; };
		869F90841A9C6BCD0096FC30 /* UAObfuscatedString.m */ = {isa = PBXFileReference; fileEncoding = 4; lastKnownFileType = sourcecode.c.objc; path = UAObfuscatedString.m; sourceTree = "<group>"; };
		869F90881A9C6CDD0096FC30 /* FKCategory.h */ = {isa = PBXFileReference; fileEncoding = 4; lastKnownFileType = sourcecode.c.h; name = FKCategory.h; path = "FeedlyKit Core/Items/FKCategory.h"; sourceTree = SOURCE_ROOT; };
		869F90891A9C6CDD0096FC30 /* FKCategory.m */ = {isa = PBXFileReference; fileEncoding = 4; lastKnownFileType = sourcecode.c.objc; name = FKCategory.m; path = "FeedlyKit Core/Items/FKCategory.m"; sourceTree = SOURCE_ROOT; };
		869F908B1A9C6DB40096FC30 /* FKStream.h */ = {isa = PBXFileReference; fileEncoding = 4; lastKnownFileType = sourcecode.c.h; name = FKStream.h; path = "FeedlyKit Core/Items/FKStream.h"; sourceTree = SOURCE_ROOT; };
		869F908C1A9C6DB40096FC30 /* FKStream.m */ = {isa = PBXFileReference; fileEncoding = 4; lastKnownFileType = sourcecode.c.objc; name = FKStream.m; path = "FeedlyKit Core/Items/FKStream.m"; sourceTree = SOURCE_ROOT; };
		869F908E1A9C6F790096FC30 /* FKFeed.h */ = {isa = PBXFileReference; fileEncoding = 4; lastKnownFileType = sourcecode.c.h; name = FKFeed.h; path = "FeedlyKit Core/Items/FKFeed.h"; sourceTree = SOURCE_ROOT; };
		869F908F1A9C6F790096FC30 /* FKFeed.m */ = {isa = PBXFileReference; fileEncoding = 4; lastKnownFileType = sourcecode.c.objc; name = FKFeed.m; path = "FeedlyKit Core/Items/FKFeed.m"; sourceTree = SOURCE_ROOT; };
		869F90911A9C70D80096FC30 /* FKArticle.h */ = {isa = PBXFileReference; fileEncoding = 4; lastKnownFileType = sourcecode.c.h; name = FKArticle.h; path = "FeedlyKit Core/Items/FKArticle.h"; sourceTree = SOURCE_ROOT; };
		869F90921A9C70D80096FC30 /* FKArticle.m */ = {isa = PBXFileReference; fileEncoding = 4; lastKnownFileType = sourcecode.c.objc; name = FKArticle.m; path = "FeedlyKit Core/Items/FKArticle.m"; sourceTree = SOURCE_ROOT; };
		869F90941A9C73360096FC30 /* FKItems.h */ = {isa = PBXFileReference; lastKnownFileType = sourcecode.c.h; name = FKItems.h; path = "FeedlyKit Core/Items/FKItems.h"; sourceTree = SOURCE_ROOT; };
		869F90951A9C80080096FC30 /* FKItemConstants.h */ = {isa = PBXFileReference; lastKnownFileType = sourcecode.c.h; name = FKItemConstants.h; path = "FeedlyKit Core/Items/FKItemConstants.h"; sourceTree = SOURCE_ROOT; };
		869F90971A9C99D90096FC30 /* ICNetworking.h */ = {isa = PBXFileReference; fileEncoding = 4; lastKnownFileType = sourcecode.c.h; path = ICNetworking.h; sourceTree = "<group>"; };
		869F90981A9C99D90096FC30 /* ICNetworking.m */ = {isa = PBXFileReference; fileEncoding = 4; lastKnownFileType = sourcecode.c.objc; path = ICNetworking.m; sourceTree = "<group>"; };
		869F90991A9C99D90096FC30 /* ICNetworkingCommon.h */ = {isa = PBXFileReference; fileEncoding = 4; lastKnownFileType = sourcecode.c.h; path = ICNetworkingCommon.h; sourceTree = "<group>"; };
		869F909A1A9C99D90096FC30 /* ICNetworkingQueuedItem.h */ = {isa = PBXFileReference; fileEncoding = 4; lastKnownFileType = sourcecode.c.h; path = ICNetworkingQueuedItem.h; sourceTree = "<group>"; };
		869F909B1A9C99D90096FC30 /* ICNetworkingQueuedItem.m */ = {isa = PBXFileReference; fileEncoding = 4; lastKnownFileType = sourcecode.c.objc; path = ICNetworkingQueuedItem.m; sourceTree = "<group>"; };
		869F90A01A9D5C8F0096FC30 /* FKAuthCommon.h */ = {isa = PBXFileReference; lastKnownFileType = sourcecode.c.h; path = FKAuthCommon.h; sourceTree = "<group>"; };
		869F90A21A9D626B0096FC30 /* FKCache.h */ = {isa = PBXFileReference; fileEncoding = 4; lastKnownFileType = sourcecode.c.h; name = FKCache.h; path = "FeedlyKit Core/FKCache/FKCache.h"; sourceTree = SOURCE_ROOT; };
		869F90A31A9D626B0096FC30 /* FKCache.m */ = {isa = PBXFileReference; fileEncoding = 4; lastKnownFileType = sourcecode.c.objc; name = FKCache.m; path = "FeedlyKit Core/FKCache/FKCache.m"; sourceTree = SOURCE_ROOT; };
		869F90A51A9D6C750096FC30 /* FKProfile.h */ = {isa = PBXFileReference; fileEncoding = 4; lastKnownFileType = sourcecode.c.h; path = FKProfile.h; sourceTree = "<group>"; };
		869F90A61A9D6C750096FC30 /* FKProfile.m */ = {isa = PBXFileReference; fileEncoding = 4; lastKnownFileType = sourcecode.c.objc; path = FKProfile.m; sourceTree = "<group>"; };
		869F90AB1A9DAE900096FC30 /* FKCacheConstants.h */ = {isa = PBXFileReference; lastKnownFileType = sourcecode.c.h; name = FKCacheConstants.h; path = "FeedlyKit Core/FKCache/FKCacheConstants.h"; sourceTree = SOURCE_ROOT; };
/* End PBXFileReference section */

/* Begin PBXFrameworksBuildPhase section */
		869F90101A9C57880096FC30 /* Frameworks */ = {
			isa = PBXFrameworksBuildPhase;
			buildActionMask = 2147483647;
			files = (
				869F90411A9C57BB0096FC30 /* Security.framework in Frameworks */,
			);
			runOnlyForDeploymentPostprocessing = 0;
		};
		869F90291A9C57880096FC30 /* Frameworks */ = {
			isa = PBXFrameworksBuildPhase;
			buildActionMask = 2147483647;
			files = (
			);
			runOnlyForDeploymentPostprocessing = 0;
		};
/* End PBXFrameworksBuildPhase section */

/* Begin PBXGroup section */
		869F900A1A9C57880096FC30 = {
			isa = PBXGroup;
			children = (
				869F90761A9C58150096FC30 /* FeedlyKit Core */,
				869F903E1A9C57A90096FC30 /* Libraries */,
				869F903D1A9C57A40096FC30 /* Frameworks */,
				869F903C1A9C579C0096FC30 /* Internal */,
			);
			sourceTree = "<group>";
		};
		869F90141A9C57880096FC30 /* Products */ = {
			isa = PBXGroup;
			children = (
				869F90131A9C57880096FC30 /* FeedlyKit.app */,
				869F902C1A9C57880096FC30 /* FeedlyKitTests.xctest */,
			);
			name = Products;
			sourceTree = "<group>";
		};
		869F90151A9C57880096FC30 /* FeedlyKit */ = {
			isa = PBXGroup;
			children = (
				869F901A1A9C57880096FC30 /* AppDelegate.h */,
				869F901B1A9C57880096FC30 /* AppDelegate.m */,
				869F901D1A9C57880096FC30 /* ViewController.h */,
				869F901E1A9C57880096FC30 /* ViewController.m */,
				869F90201A9C57880096FC30 /* Main.storyboard */,
				869F90231A9C57880096FC30 /* Images.xcassets */,
				869F90251A9C57880096FC30 /* LaunchScreen.xib */,
				869F90161A9C57880096FC30 /* Supporting Files */,
			);
			path = FeedlyKit;
			sourceTree = "<group>";
		};
		869F90161A9C57880096FC30 /* Supporting Files */ = {
			isa = PBXGroup;
			children = (
				869F90171A9C57880096FC30 /* Info.plist */,
				869F90181A9C57880096FC30 /* main.m */,
			);
			name = "Supporting Files";
			sourceTree = "<group>";
		};
		869F902F1A9C57880096FC30 /* FeedlyKitTests */ = {
			isa = PBXGroup;
			children = (
				869F90321A9C57880096FC30 /* FeedlyKitTests.m */,
				869F90301A9C57880096FC30 /* Supporting Files */,
			);
			path = FeedlyKitTests;
			sourceTree = "<group>";
		};
		869F90301A9C57880096FC30 /* Supporting Files */ = {
			isa = PBXGroup;
			children = (
				869F90311A9C57880096FC30 /* Info.plist */,
			);
			name = "Supporting Files";
			sourceTree = "<group>";
		};
		869F903C1A9C579C0096FC30 /* Internal */ = {
			isa = PBXGroup;
			children = (
				869F90151A9C57880096FC30 /* FeedlyKit */,
				869F902F1A9C57880096FC30 /* FeedlyKitTests */,
				869F90141A9C57880096FC30 /* Products */,
			);
			name = Internal;
			sourceTree = "<group>";
		};
		869F903D1A9C57A40096FC30 /* Frameworks */ = {
			isa = PBXGroup;
			children = (
				869F90401A9C57BB0096FC30 /* Security.framework */,
			);
			name = Frameworks;
			sourceTree = "<group>";
		};
		869F903E1A9C57A90096FC30 /* Libraries */ = {
			isa = PBXGroup;
			children = (
				869F90961A9C99D90096FC30 /* ICNetworking */,
				869F90811A9C6BCD0096FC30 /* UAObfuscatedString */,
				869F90421A9C57C20096FC30 /* OAuth2Client */,
			);
			name = Libraries;
			sourceTree = "<group>";
		};
		869F90421A9C57C20096FC30 /* OAuth2Client */ = {
			isa = PBXGroup;
			children = (
				869F90431A9C57C20096FC30 /* Categories */,
				869F904A1A9C57C20096FC30 /* OAuth2Client */,
				869F90651A9C57C20096FC30 /* OAuth2Client_Prefix.pch */,
			);
			path = OAuth2Client;
			sourceTree = "<group>";
		};
		869F90431A9C57C20096FC30 /* Categories */ = {
			isa = PBXGroup;
			children = (
				869F90441A9C57C20096FC30 /* NSData+NXOAuth2.h */,
				869F90451A9C57C20096FC30 /* NSData+NXOAuth2.m */,
				869F90461A9C57C20096FC30 /* NSString+NXOAuth2.h */,
				869F90471A9C57C20096FC30 /* NSString+NXOAuth2.m */,
				869F90481A9C57C20096FC30 /* NSURL+NXOAuth2.h */,
				869F90491A9C57C20096FC30 /* NSURL+NXOAuth2.m */,
			);
			path = Categories;
			sourceTree = "<group>";
		};
		869F904A1A9C57C20096FC30 /* OAuth2Client */ = {
			isa = PBXGroup;
			children = (
				869F904B1A9C57C20096FC30 /* NXOAuth2.h */,
				869F904C1A9C57C20096FC30 /* NXOAuth2AccessToken.h */,
				869F904D1A9C57C20096FC30 /* NXOAuth2AccessToken.m */,
				869F904E1A9C57C20096FC30 /* NXOAuth2Account.h */,
				869F904F1A9C57C20096FC30 /* NXOAuth2Account.m */,
				869F90501A9C57C20096FC30 /* NXOAuth2AccountStore.h */,
				869F90511A9C57C20096FC30 /* NXOAuth2AccountStore.m */,
				869F90521A9C57C20096FC30 /* NXOAuth2Client.h */,
				869F90531A9C57C20096FC30 /* NXOAuth2Client.m */,
				869F90541A9C57C20096FC30 /* NXOAuth2ClientDelegate.h */,
				869F90551A9C57C20096FC30 /* NXOAuth2Connection.h */,
				869F90561A9C57C20096FC30 /* NXOAuth2Connection.m */,
				869F90571A9C57C20096FC30 /* NXOAuth2ConnectionDelegate.h */,
				869F90581A9C57C20096FC30 /* NXOAuth2Constants.h */,
				869F90591A9C57C20096FC30 /* NXOAuth2Constants.m */,
				869F905A1A9C57C20096FC30 /* NXOAuth2FileStreamWrapper.h */,
				869F905B1A9C57C20096FC30 /* NXOAuth2FileStreamWrapper.m */,
				869F905C1A9C57C20096FC30 /* NXOAuth2PostBodyPart.h */,
				869F905D1A9C57C20096FC30 /* NXOAuth2PostBodyPart.m */,
				869F905E1A9C57C20096FC30 /* NXOAuth2PostBodyStream.h */,
				869F905F1A9C57C20096FC30 /* NXOAuth2PostBodyStream.m */,
				869F90601A9C57C20096FC30 /* NXOAuth2Request.h */,
				869F90611A9C57C20096FC30 /* NXOAuth2Request.m */,
				869F90621A9C57C20096FC30 /* NXOAuth2TrustDelegate.h */,
				869F90631A9C57C20096FC30 /* Private */,
			);
			path = OAuth2Client;
			sourceTree = "<group>";
		};
		869F90631A9C57C20096FC30 /* Private */ = {
			isa = PBXGroup;
			children = (
				869F90641A9C57C20096FC30 /* NXOAuth2Account+Private.h */,
			);
			path = Private;
			sourceTree = "<group>";
		};
		869F90761A9C58150096FC30 /* FeedlyKit Core */ = {
			isa = PBXGroup;
			children = (
				869F90771A9C58150096FC30 /* FeedlyKit.h */,
				869F907B1A9C58150096FC30 /* FKCloud */,
				869F90871A9C6C6B0096FC30 /* FKItems */,
				869F90781A9C58150096FC30 /* FKAuthViewController */,
				869F90A11A9D624A0096FC30 /* FKCache */,
			);
			path = "FeedlyKit Core";
			sourceTree = "<group>";
		};
		869F90781A9C58150096FC30 /* FKAuthViewController */ = {
			isa = PBXGroup;
			children = (
				869F90A01A9D5C8F0096FC30 /* FKAuthCommon.h */,
				869F90791A9C58150096FC30 /* FKAuthViewController.h */,
				869F907A1A9C58150096FC30 /* FKAuthViewController.m */,
			);
			path = FKAuthViewController;
			sourceTree = "<group>";
		};
		869F907B1A9C58150096FC30 /* FKCloud */ = {
			isa = PBXGroup;
			children = (
				869F907E1A9C58150096FC30 /* FKCloudConstants.h */,
				869F907C1A9C58150096FC30 /* FKCloud.h */,
				869F907D1A9C58150096FC30 /* FKCloud.m */,
			);
			path = FKCloud;
			sourceTree = "<group>";
		};
		869F90811A9C6BCD0096FC30 /* UAObfuscatedString */ = {
			isa = PBXGroup;
			children = (
				869F90831A9C6BCD0096FC30 /* UAObfuscatedString.h */,
				869F90841A9C6BCD0096FC30 /* UAObfuscatedString.m */,
			);
			path = UAObfuscatedString;
			sourceTree = "<group>";
		};
		869F90871A9C6C6B0096FC30 /* FKItems */ = {
			isa = PBXGroup;
			children = (
				869F90941A9C73360096FC30 /* FKItems.h */,
				869F90951A9C80080096FC30 /* FKItemConstants.h */,
				869F908B1A9C6DB40096FC30 /* FKStream.h */,
				869F908C1A9C6DB40096FC30 /* FKStream.m */,
				869F90881A9C6CDD0096FC30 /* FKCategory.h */,
				869F90891A9C6CDD0096FC30 /* FKCategory.m */,
				869F908E1A9C6F790096FC30 /* FKFeed.h */,
				869F908F1A9C6F790096FC30 /* FKFeed.m */,
				869F90911A9C70D80096FC30 /* FKArticle.h */,
				869F90921A9C70D80096FC30 /* FKArticle.m */,
				869F90A51A9D6C750096FC30 /* FKProfile.h */,
				869F90A61A9D6C750096FC30 /* FKProfile.m */,
			);
			name = FKItems;
			path = FKCloud;
			sourceTree = "<group>";
		};
		869F90961A9C99D90096FC30 /* ICNetworking */ = {
			isa = PBXGroup;
			children = (
				869F90991A9C99D90096FC30 /* ICNetworkingCommon.h */,
				869F90971A9C99D90096FC30 /* ICNetworking.h */,
				869F90981A9C99D90096FC30 /* ICNetworking.m */,
				869F909A1A9C99D90096FC30 /* ICNetworkingQueuedItem.h */,
				869F909B1A9C99D90096FC30 /* ICNetworkingQueuedItem.m */,
			);
			path = ICNetworking;
			sourceTree = "<group>";
		};
		869F90A11A9D624A0096FC30 /* FKCache */ = {
			isa = PBXGroup;
			children = (
				869F90AB1A9DAE900096FC30 /* FKCacheConstants.h */,
				869F90A21A9D626B0096FC30 /* FKCache.h */,
				869F90A31A9D626B0096FC30 /* FKCache.m */,
			);
			name = FKCache;
			path = FKAuthViewController;
			sourceTree = "<group>";
		};
/* End PBXGroup section */

/* Begin PBXNativeTarget section */
		869F90121A9C57880096FC30 /* FeedlyKit */ = {
			isa = PBXNativeTarget;
			buildConfigurationList = 869F90361A9C57880096FC30 /* Build configuration list for PBXNativeTarget "FeedlyKit" */;
			buildPhases = (
				869F900F1A9C57880096FC30 /* Sources */,
				869F90101A9C57880096FC30 /* Frameworks */,
				869F90111A9C57880096FC30 /* Resources */,
			);
			buildRules = (
			);
			dependencies = (
			);
			name = FeedlyKit;
			productName = FeedlyKit;
			productReference = 869F90131A9C57880096FC30 /* FeedlyKit.app */;
			productType = "com.apple.product-type.application";
		};
		869F902B1A9C57880096FC30 /* FeedlyKitTests */ = {
			isa = PBXNativeTarget;
			buildConfigurationList = 869F90391A9C57880096FC30 /* Build configuration list for PBXNativeTarget "FeedlyKitTests" */;
			buildPhases = (
				869F90281A9C57880096FC30 /* Sources */,
				869F90291A9C57880096FC30 /* Frameworks */,
				869F902A1A9C57880096FC30 /* Resources */,
			);
			buildRules = (
			);
			dependencies = (
				869F902E1A9C57880096FC30 /* PBXTargetDependency */,
			);
			name = FeedlyKitTests;
			productName = FeedlyKitTests;
			productReference = 869F902C1A9C57880096FC30 /* FeedlyKitTests.xctest */;
			productType = "com.apple.product-type.bundle.unit-test";
		};
/* End PBXNativeTarget section */

/* Begin PBXProject section */
		869F900B1A9C57880096FC30 /* Project object */ = {
			isa = PBXProject;
			attributes = {
				LastUpgradeCheck = 0610;
				ORGANIZATIONNAME = "Izuchukwu Elechi";
				TargetAttributes = {
					869F90121A9C57880096FC30 = {
						CreatedOnToolsVersion = 6.1.1;
					};
					869F902B1A9C57880096FC30 = {
						CreatedOnToolsVersion = 6.1.1;
						TestTargetID = 869F90121A9C57880096FC30;
					};
				};
			};
			buildConfigurationList = 869F900E1A9C57880096FC30 /* Build configuration list for PBXProject "FeedlyKit" */;
			compatibilityVersion = "Xcode 3.2";
			developmentRegion = English;
			hasScannedForEncodings = 0;
			knownRegions = (
				en,
				Base,
			);
			mainGroup = 869F900A1A9C57880096FC30;
			productRefGroup = 869F90141A9C57880096FC30 /* Products */;
			projectDirPath = "";
			projectRoot = "";
			targets = (
				869F90121A9C57880096FC30 /* FeedlyKit */,
				869F902B1A9C57880096FC30 /* FeedlyKitTests */,
			);
		};
/* End PBXProject section */

/* Begin PBXResourcesBuildPhase section */
		869F90111A9C57880096FC30 /* Resources */ = {
			isa = PBXResourcesBuildPhase;
			buildActionMask = 2147483647;
			files = (
				869F90221A9C57880096FC30 /* Main.storyboard in Resources */,
				869F90271A9C57880096FC30 /* LaunchScreen.xib in Resources */,
				869F90241A9C57880096FC30 /* Images.xcassets in Resources */,
			);
			runOnlyForDeploymentPostprocessing = 0;
		};
		869F902A1A9C57880096FC30 /* Resources */ = {
			isa = PBXResourcesBuildPhase;
			buildActionMask = 2147483647;
			files = (
			);
			runOnlyForDeploymentPostprocessing = 0;
		};
/* End PBXResourcesBuildPhase section */

/* Begin PBXSourcesBuildPhase section */
		869F900F1A9C57880096FC30 /* Sources */ = {
			isa = PBXSourcesBuildPhase;
			buildActionMask = 2147483647;
			files = (
				869F909D1A9C99D90096FC30 /* ICNetworkingQueuedItem.m in Sources */,
				869F90671A9C57C20096FC30 /* NSString+NXOAuth2.m in Sources */,
				869F907F1A9C58150096FC30 /* FKAuthViewController.m in Sources */,
				869F906C1A9C57C20096FC30 /* NXOAuth2Client.m in Sources */,
				869F908D1A9C6DB40096FC30 /* FKStream.m in Sources */,
				869F90901A9C6F790096FC30 /* FKFeed.m in Sources */,
				869F909C1A9C99D90096FC30 /* ICNetworking.m in Sources */,
				869F901F1A9C57880096FC30 /* ViewController.m in Sources */,
				869F90A71A9D6C750096FC30 /* FKProfile.m in Sources */,
				869F90931A9C70D80096FC30 /* FKArticle.m in Sources */,
				869F906F1A9C57C20096FC30 /* NXOAuth2FileStreamWrapper.m in Sources */,
				869F90711A9C57C20096FC30 /* NXOAuth2PostBodyStream.m in Sources */,
				869F90861A9C6BCD0096FC30 /* UAObfuscatedString.m in Sources */,
				869F906A1A9C57C20096FC30 /* NXOAuth2Account.m in Sources */,
				869F906E1A9C57C20096FC30 /* NXOAuth2Constants.m in Sources */,
				869F90801A9C58150096FC30 /* FKCloud.m in Sources */,
				869F906D1A9C57C20096FC30 /* NXOAuth2Connection.m in Sources */,
				869F90701A9C57C20096FC30 /* NXOAuth2PostBodyPart.m in Sources */,
				869F901C1A9C57880096FC30 /* AppDelegate.m in Sources */,
				869F90681A9C57C20096FC30 /* NSURL+NXOAuth2.m in Sources */,
				869F90A41A9D626B0096FC30 /* FKCache.m in Sources */,
				869F908A1A9C6CDD0096FC30 /* FKCategory.m in Sources */,
				869F90191A9C57880096FC30 /* main.m in Sources */,
				869F90691A9C57C20096FC30 /* NXOAuth2AccessToken.m in Sources */,
				869F906B1A9C57C20096FC30 /* NXOAuth2AccountStore.m in Sources */,
				869F90721A9C57C20096FC30 /* NXOAuth2Request.m in Sources */,
				869F90661A9C57C20096FC30 /* NSData+NXOAuth2.m in Sources */,
			);
			runOnlyForDeploymentPostprocessing = 0;
		};
		869F90281A9C57880096FC30 /* Sources */ = {
			isa = PBXSourcesBuildPhase;
			buildActionMask = 2147483647;
			files = (
				869F90331A9C57880096FC30 /* FeedlyKitTests.m in Sources */,
			);
			runOnlyForDeploymentPostprocessing = 0;
		};
/* End PBXSourcesBuildPhase section */

/* Begin PBXTargetDependency section */
		869F902E1A9C57880096FC30 /* PBXTargetDependency */ = {
			isa = PBXTargetDependency;
			target = 869F90121A9C57880096FC30 /* FeedlyKit */;
			targetProxy = 869F902D1A9C57880096FC30 /* PBXContainerItemProxy */;
		};
/* End PBXTargetDependency section */

/* Begin PBXVariantGroup section */
		869F90201A9C57880096FC30 /* Main.storyboard */ = {
			isa = PBXVariantGroup;
			children = (
				869F90211A9C57880096FC30 /* Base */,
			);
			name = Main.storyboard;
			sourceTree = "<group>";
		};
		869F90251A9C57880096FC30 /* LaunchScreen.xib */ = {
			isa = PBXVariantGroup;
			children = (
				869F90261A9C57880096FC30 /* Base */,
			);
			name = LaunchScreen.xib;
			sourceTree = "<group>";
		};
/* End PBXVariantGroup section */

/* Begin XCBuildConfiguration section */
		869F90341A9C57880096FC30 /* Debug */ = {
			isa = XCBuildConfiguration;
			buildSettings = {
				ALWAYS_SEARCH_USER_PATHS = NO;
				CLANG_CXX_LANGUAGE_STANDARD = "gnu++0x";
				CLANG_CXX_LIBRARY = "libc++";
				CLANG_ENABLE_MODULES = YES;
				CLANG_ENABLE_OBJC_ARC = YES;
				CLANG_WARN_BOOL_CONVERSION = YES;
				CLANG_WARN_CONSTANT_CONVERSION = YES;
				CLANG_WARN_DIRECT_OBJC_ISA_USAGE = YES_ERROR;
				CLANG_WARN_EMPTY_BODY = YES;
				CLANG_WARN_ENUM_CONVERSION = YES;
				CLANG_WARN_INT_CONVERSION = YES;
				CLANG_WARN_OBJC_ROOT_CLASS = YES_ERROR;
				CLANG_WARN_UNREACHABLE_CODE = YES;
				CLANG_WARN__DUPLICATE_METHOD_MATCH = YES;
				"CODE_SIGN_IDENTITY[sdk=iphoneos*]" = "iPhone Developer";
				COPY_PHASE_STRIP = NO;
				ENABLE_STRICT_OBJC_MSGSEND = YES;
				GCC_C_LANGUAGE_STANDARD = gnu99;
				GCC_DYNAMIC_NO_PIC = NO;
				GCC_OPTIMIZATION_LEVEL = 0;
				GCC_PREPROCESSOR_DEFINITIONS = (
					"DEBUG=1",
					"$(inherited)",
				);
				GCC_SYMBOLS_PRIVATE_EXTERN = NO;
				GCC_WARN_64_TO_32_BIT_CONVERSION = YES;
				GCC_WARN_ABOUT_RETURN_TYPE = YES_ERROR;
				GCC_WARN_UNDECLARED_SELECTOR = YES;
				GCC_WARN_UNINITIALIZED_AUTOS = YES_AGGRESSIVE;
				GCC_WARN_UNUSED_FUNCTION = YES;
				GCC_WARN_UNUSED_VARIABLE = YES;
				IPHONEOS_DEPLOYMENT_TARGET = 8.1;
				MTL_ENABLE_DEBUG_INFO = YES;
				ONLY_ACTIVE_ARCH = YES;
				SDKROOT = iphoneos;
			};
			name = Debug;
		};
		869F90351A9C57880096FC30 /* Release */ = {
			isa = XCBuildConfiguration;
			buildSettings = {
				ALWAYS_SEARCH_USER_PATHS = NO;
				CLANG_CXX_LANGUAGE_STANDARD = "gnu++0x";
				CLANG_CXX_LIBRARY = "libc++";
				CLANG_ENABLE_MODULES = YES;
				CLANG_ENABLE_OBJC_ARC = YES;
				CLANG_WARN_BOOL_CONVERSION = YES;
				CLANG_WARN_CONSTANT_CONVERSION = YES;
				CLANG_WARN_DIRECT_OBJC_ISA_USAGE = YES_ERROR;
				CLANG_WARN_EMPTY_BODY = YES;
				CLANG_WARN_ENUM_CONVERSION = YES;
				CLANG_WARN_INT_CONVERSION = YES;
				CLANG_WARN_OBJC_ROOT_CLASS = YES_ERROR;
				CLANG_WARN_UNREACHABLE_CODE = YES;
				CLANG_WARN__DUPLICATE_METHOD_MATCH = YES;
				"CODE_SIGN_IDENTITY[sdk=iphoneos*]" = "iPhone Developer";
				COPY_PHASE_STRIP = YES;
				ENABLE_NS_ASSERTIONS = NO;
				ENABLE_STRICT_OBJC_MSGSEND = YES;
				GCC_C_LANGUAGE_STANDARD = gnu99;
				GCC_WARN_64_TO_32_BIT_CONVERSION = YES;
				GCC_WARN_ABOUT_RETURN_TYPE = YES_ERROR;
				GCC_WARN_UNDECLARED_SELECTOR = YES;
				GCC_WARN_UNINITIALIZED_AUTOS = YES_AGGRESSIVE;
				GCC_WARN_UNUSED_FUNCTION = YES;
				GCC_WARN_UNUSED_VARIABLE = YES;
				IPHONEOS_DEPLOYMENT_TARGET = 8.1;
				MTL_ENABLE_DEBUG_INFO = NO;
				SDKROOT = iphoneos;
				VALIDATE_PRODUCT = YES;
			};
			name = Release;
		};
		869F90371A9C57880096FC30 /* Debug */ = {
			isa = XCBuildConfiguration;
			buildSettings = {
				ASSETCATALOG_COMPILER_APPICON_NAME = AppIcon;
				INFOPLIST_FILE = FeedlyKit/Info.plist;
				LD_RUNPATH_SEARCH_PATHS = "$(inherited) @executable_path/Frameworks";
				OTHER_CFLAGS = "-DTARGET_OS_IPHONE";
				OTHER_LDFLAGS = "-ObjC";
				PRODUCT_NAME = "$(TARGET_NAME)";
			};
			name = Debug;
		};
		869F90381A9C57880096FC30 /* Release */ = {
			isa = XCBuildConfiguration;
			buildSettings = {
				ASSETCATALOG_COMPILER_APPICON_NAME = AppIcon;
				INFOPLIST_FILE = FeedlyKit/Info.plist;
				LD_RUNPATH_SEARCH_PATHS = "$(inherited) @executable_path/Frameworks";
				OTHER_CFLAGS = "-DTARGET_OS_IPHONE";
				OTHER_LDFLAGS = "-ObjC";
				PRODUCT_NAME = "$(TARGET_NAME)";
			};
			name = Release;
		};
		869F903A1A9C57880096FC30 /* Debug */ = {
			isa = XCBuildConfiguration;
			buildSettings = {
				BUNDLE_LOADER = "$(TEST_HOST)";
				FRAMEWORK_SEARCH_PATHS = (
					"$(SDKROOT)/Developer/Library/Frameworks",
					"$(inherited)",
				);
				GCC_PREPROCESSOR_DEFINITIONS = (
					"DEBUG=1",
					"$(inherited)",
				);
				INFOPLIST_FILE = FeedlyKitTests/Info.plist;
				LD_RUNPATH_SEARCH_PATHS = "$(inherited) @executable_path/Frameworks @loader_path/Frameworks";
				PRODUCT_NAME = "$(TARGET_NAME)";
				TEST_HOST = "$(BUILT_PRODUCTS_DIR)/FeedlyKit.app/FeedlyKit";
			};
			name = Debug;
		};
		869F903B1A9C57880096FC30 /* Release */ = {
			isa = XCBuildConfiguration;
			buildSettings = {
				BUNDLE_LOADER = "$(TEST_HOST)";
				FRAMEWORK_SEARCH_PATHS = (
					"$(SDKROOT)/Developer/Library/Frameworks",
					"$(inherited)",
				);
				INFOPLIST_FILE = FeedlyKitTests/Info.plist;
				LD_RUNPATH_SEARCH_PATHS = "$(inherited) @executable_path/Frameworks @loader_path/Frameworks";
				PRODUCT_NAME = "$(TARGET_NAME)";
				TEST_HOST = "$(BUILT_PRODUCTS_DIR)/FeedlyKit.app/FeedlyKit";
			};
			name = Release;
		};
/* End XCBuildConfiguration section */

/* Begin XCConfigurationList section */
		869F900E1A9C57880096FC30 /* Build configuration list for PBXProject "FeedlyKit" */ = {
			isa = XCConfigurationList;
			buildConfigurations = (
				869F90341A9C57880096FC30 /* Debug */,
				869F90351A9C57880096FC30 /* Release */,
			);
			defaultConfigurationIsVisible = 0;
			defaultConfigurationName = Release;
		};
		869F90361A9C57880096FC30 /* Build configuration list for PBXNativeTarget "FeedlyKit" */ = {
			isa = XCConfigurationList;
			buildConfigurations = (
				869F90371A9C57880096FC30 /* Debug */,
				869F90381A9C57880096FC30 /* Release */,
			);
			defaultConfigurationIsVisible = 0;
			defaultConfigurationName = Release;
		};
		869F90391A9C57880096FC30 /* Build configuration list for PBXNativeTarget "FeedlyKitTests" */ = {
			isa = XCConfigurationList;
			buildConfigurations = (
				869F903A1A9C57880096FC30 /* Debug */,
				869F903B1A9C57880096FC30 /* Release */,
			);
			defaultConfigurationIsVisible = 0;
			defaultConfigurationName = Release;
		};
/* End XCConfigurationList section */
	};
	rootObject = 869F900B1A9C57880096FC30 /* Project object */;
}
